// !$*UTF8*$!
{
	archiveVersion = 1;
	classes = {
	};
	objectVersion = 56;
	objects = {

/* Begin PBXBuildFile section */
		8BF0877D2A1A3E42000F7846 /* AppDelegate.swift in Sources */ = {isa = PBXBuildFile; fileRef = 8BF0877C2A1A3E42000F7846 /* AppDelegate.swift */; };
		8BF0877F2A1A3E42000F7846 /* SceneDelegate.swift in Sources */ = {isa = PBXBuildFile; fileRef = 8BF0877E2A1A3E42000F7846 /* SceneDelegate.swift */; };
		8BF087862A1A3E43000F7846 /* Assets.xcassets in Resources */ = {isa = PBXBuildFile; fileRef = 8BF087852A1A3E43000F7846 /* Assets.xcassets */; };
		8BF087892A1A3E43000F7846 /* LaunchScreen.storyboard in Resources */ = {isa = PBXBuildFile; fileRef = 8BF087872A1A3E43000F7846 /* LaunchScreen.storyboard */; };
		8BF087A82A1A692B000F7846 /* URLSessionNetworkManager.swift in Sources */ = {isa = PBXBuildFile; fileRef = 8BF0879B2A1A692B000F7846 /* URLSessionNetworkManager.swift */; };
		8BF087A92A1A692B000F7846 /* NetworkManager.swift in Sources */ = {isa = PBXBuildFile; fileRef = 8BF0879C2A1A692B000F7846 /* NetworkManager.swift */; };
		8BF087AB2A1A692B000F7846 /* Endpoint.swift in Sources */ = {isa = PBXBuildFile; fileRef = 8BF087A02A1A692B000F7846 /* Endpoint.swift */; };
		8BF087AC2A1A692B000F7846 /* NetworkEnums.swift in Sources */ = {isa = PBXBuildFile; fileRef = 8BF087A22A1A692B000F7846 /* NetworkEnums.swift */; };
		8BF087B12A1A69BE000F7846 /* RegistrationViewController.swift in Sources */ = {isa = PBXBuildFile; fileRef = 8BF087B02A1A69BE000F7846 /* RegistrationViewController.swift */; };
		8BF087B32A1A69D6000F7846 /* RegistrationPresenter.swift in Sources */ = {isa = PBXBuildFile; fileRef = 8BF087B22A1A69D6000F7846 /* RegistrationPresenter.swift */; };
		8BF087B52A1A69E3000F7846 /* RegistrationModel.swift in Sources */ = {isa = PBXBuildFile; fileRef = 8BF087B42A1A69E3000F7846 /* RegistrationModel.swift */; };
		8BF087B72A1A6AE6000F7846 /* RegisterUserRequest.swift in Sources */ = {isa = PBXBuildFile; fileRef = 8BF087B62A1A6AE6000F7846 /* RegisterUserRequest.swift */; };
		8BF087B92A1A6C6B000F7846 /* AuthenticationUserResponse.swift in Sources */ = {isa = PBXBuildFile; fileRef = 8BF087B82A1A6C6B000F7846 /* AuthenticationUserResponse.swift */; };
		8BF087BB2A1A6DAF000F7846 /* AdminLoginRequest.swift in Sources */ = {isa = PBXBuildFile; fileRef = 8BF087BA2A1A6DAF000F7846 /* AdminLoginRequest.swift */; };
		8BF087BD2A1A6E17000F7846 /* UserLoginRequest.swift in Sources */ = {isa = PBXBuildFile; fileRef = 8BF087BC2A1A6E17000F7846 /* UserLoginRequest.swift */; };
/* End PBXBuildFile section */

/* Begin PBXFileReference section */
		8BF087792A1A3E42000F7846 /* OpenControl.app */ = {isa = PBXFileReference; explicitFileType = wrapper.application; includeInIndex = 0; path = OpenControl.app; sourceTree = BUILT_PRODUCTS_DIR; };
		8BF0877C2A1A3E42000F7846 /* AppDelegate.swift */ = {isa = PBXFileReference; lastKnownFileType = sourcecode.swift; path = AppDelegate.swift; sourceTree = "<group>"; };
		8BF0877E2A1A3E42000F7846 /* SceneDelegate.swift */ = {isa = PBXFileReference; lastKnownFileType = sourcecode.swift; path = SceneDelegate.swift; sourceTree = "<group>"; };
		8BF087852A1A3E43000F7846 /* Assets.xcassets */ = {isa = PBXFileReference; lastKnownFileType = folder.assetcatalog; path = Assets.xcassets; sourceTree = "<group>"; };
		8BF087882A1A3E43000F7846 /* Base */ = {isa = PBXFileReference; lastKnownFileType = file.storyboard; name = Base; path = Base.lproj/LaunchScreen.storyboard; sourceTree = "<group>"; };
		8BF0878A2A1A3E43000F7846 /* Info.plist */ = {isa = PBXFileReference; lastKnownFileType = text.plist.xml; path = Info.plist; sourceTree = "<group>"; };
		8BF0879B2A1A692B000F7846 /* URLSessionNetworkManager.swift */ = {isa = PBXFileReference; fileEncoding = 4; lastKnownFileType = sourcecode.swift; path = URLSessionNetworkManager.swift; sourceTree = "<group>"; };
		8BF0879C2A1A692B000F7846 /* NetworkManager.swift */ = {isa = PBXFileReference; fileEncoding = 4; lastKnownFileType = sourcecode.swift; path = NetworkManager.swift; sourceTree = "<group>"; };
		8BF087A02A1A692B000F7846 /* Endpoint.swift */ = {isa = PBXFileReference; fileEncoding = 4; lastKnownFileType = sourcecode.swift; path = Endpoint.swift; sourceTree = "<group>"; };
		8BF087A22A1A692B000F7846 /* NetworkEnums.swift */ = {isa = PBXFileReference; fileEncoding = 4; lastKnownFileType = sourcecode.swift; path = NetworkEnums.swift; sourceTree = "<group>"; };
		8BF087B02A1A69BE000F7846 /* RegistrationViewController.swift */ = {isa = PBXFileReference; lastKnownFileType = sourcecode.swift; path = RegistrationViewController.swift; sourceTree = "<group>"; };
		8BF087B22A1A69D6000F7846 /* RegistrationPresenter.swift */ = {isa = PBXFileReference; lastKnownFileType = sourcecode.swift; path = RegistrationPresenter.swift; sourceTree = "<group>"; };
		8BF087B42A1A69E3000F7846 /* RegistrationModel.swift */ = {isa = PBXFileReference; lastKnownFileType = sourcecode.swift; path = RegistrationModel.swift; sourceTree = "<group>"; };
		8BF087B62A1A6AE6000F7846 /* RegisterUserRequest.swift */ = {isa = PBXFileReference; lastKnownFileType = sourcecode.swift; path = RegisterUserRequest.swift; sourceTree = "<group>"; };
		8BF087B82A1A6C6B000F7846 /* AuthenticationUserResponse.swift */ = {isa = PBXFileReference; lastKnownFileType = sourcecode.swift; path = AuthenticationUserResponse.swift; sourceTree = "<group>"; };
		8BF087BA2A1A6DAF000F7846 /* AdminLoginRequest.swift */ = {isa = PBXFileReference; lastKnownFileType = sourcecode.swift; path = AdminLoginRequest.swift; sourceTree = "<group>"; };
		8BF087BC2A1A6E17000F7846 /* UserLoginRequest.swift */ = {isa = PBXFileReference; lastKnownFileType = sourcecode.swift; path = UserLoginRequest.swift; sourceTree = "<group>"; };
/* End PBXFileReference section */

/* Begin PBXFrameworksBuildPhase section */
		8BF087762A1A3E42000F7846 /* Frameworks */ = {
			isa = PBXFrameworksBuildPhase;
			buildActionMask = 2147483647;
			files = (
			);
			runOnlyForDeploymentPostprocessing = 0;
		};
/* End PBXFrameworksBuildPhase section */

/* Begin PBXGroup section */
		8BF087702A1A3E42000F7846 = {
			isa = PBXGroup;
			children = (
				8BF0877B2A1A3E42000F7846 /* OpenControl */,
				8BF0877A2A1A3E42000F7846 /* Products */,
			);
			sourceTree = "<group>";
		};
		8BF0877A2A1A3E42000F7846 /* Products */ = {
			isa = PBXGroup;
			children = (
				8BF087792A1A3E42000F7846 /* OpenControl.app */,
			);
			name = Products;
			sourceTree = "<group>";
		};
		8BF0877B2A1A3E42000F7846 /* OpenControl */ = {
			isa = PBXGroup;
			children = (
				8BF087922A1A3EF5000F7846 /* Application */,
				8BF087982A1A6880000F7846 /* Core */,
				8BF087912A1A3EEC000F7846 /* Presentation */,
				8BF087902A1A3ED9000F7846 /* Resources */,
			);
			path = OpenControl;
			sourceTree = "<group>";
		};
		8BF087902A1A3ED9000F7846 /* Resources */ = {
			isa = PBXGroup;
			children = (
				8BF087852A1A3E43000F7846 /* Assets.xcassets */,
				8BF0878A2A1A3E43000F7846 /* Info.plist */,
			);
			path = Resources;
			sourceTree = "<group>";
		};
		8BF087912A1A3EEC000F7846 /* Presentation */ = {
			isa = PBXGroup;
			children = (
				8BF087932A1A3F02000F7846 /* LaunchScreen */,
				8BF087942A1A3F0C000F7846 /* RegistrationScreen */,
			);
			path = Presentation;
			sourceTree = "<group>";
		};
		8BF087922A1A3EF5000F7846 /* Application */ = {
			isa = PBXGroup;
			children = (
				8BF0877C2A1A3E42000F7846 /* AppDelegate.swift */,
				8BF0877E2A1A3E42000F7846 /* SceneDelegate.swift */,
			);
			path = Application;
			sourceTree = "<group>";
		};
		8BF087932A1A3F02000F7846 /* LaunchScreen */ = {
			isa = PBXGroup;
			children = (
				8BF087872A1A3E43000F7846 /* LaunchScreen.storyboard */,
			);
			path = LaunchScreen;
			sourceTree = "<group>";
		};
		8BF087942A1A3F0C000F7846 /* RegistrationScreen */ = {
			isa = PBXGroup;
			children = (
				8BF087972A1A6876000F7846 /* Model */,
				8BF087962A1A6871000F7846 /* View */,
				8BF087952A1A6864000F7846 /* Presenter */,
			);
			path = RegistrationScreen;
			sourceTree = "<group>";
		};
		8BF087952A1A6864000F7846 /* Presenter */ = {
			isa = PBXGroup;
			children = (
				8BF087B22A1A69D6000F7846 /* RegistrationPresenter.swift */,
			);
			path = Presenter;
			sourceTree = "<group>";
		};
		8BF087962A1A6871000F7846 /* View */ = {
			isa = PBXGroup;
			children = (
				8BF087B02A1A69BE000F7846 /* RegistrationViewController.swift */,
			);
			path = View;
			sourceTree = "<group>";
		};
		8BF087972A1A6876000F7846 /* Model */ = {
			isa = PBXGroup;
			children = (
				8BF087B42A1A69E3000F7846 /* RegistrationModel.swift */,
			);
			path = Model;
			sourceTree = "<group>";
		};
		8BF087982A1A6880000F7846 /* Core */ = {
			isa = PBXGroup;
			children = (
				8BF087992A1A688C000F7846 /* Network */,
			);
			path = Core;
			sourceTree = "<group>";
		};
		8BF087992A1A688C000F7846 /* Network */ = {
			isa = PBXGroup;
			children = (
				8BF087A32A1A692B000F7846 /* DTO */,
				8BF0879A2A1A692B000F7846 /* NetworkManager */,
			);
			path = Network;
			sourceTree = "<group>";
		};
		8BF0879A2A1A692B000F7846 /* NetworkManager */ = {
			isa = PBXGroup;
			children = (
				8BF0879B2A1A692B000F7846 /* URLSessionNetworkManager.swift */,
				8BF0879C2A1A692B000F7846 /* NetworkManager.swift */,
				8BF0879D2A1A692B000F7846 /* Endpoints */,
				8BF087A12A1A692B000F7846 /* Helpers */,
			);
			path = NetworkManager;
			sourceTree = "<group>";
		};
		8BF0879D2A1A692B000F7846 /* Endpoints */ = {
			isa = PBXGroup;
			children = (
				8BF087A02A1A692B000F7846 /* Endpoint.swift */,
			);
			path = Endpoints;
			sourceTree = "<group>";
		};
		8BF087A12A1A692B000F7846 /* Helpers */ = {
			isa = PBXGroup;
			children = (
				8BF087A22A1A692B000F7846 /* NetworkEnums.swift */,
			);
			path = Helpers;
			sourceTree = "<group>";
		};
		8BF087A32A1A692B000F7846 /* DTO */ = {
			isa = PBXGroup;
			children = (
				8BF087A42A1A692B000F7846 /* Auth */,
			);
			path = DTO;
			sourceTree = "<group>";
		};
		8BF087A42A1A692B000F7846 /* Auth */ = {
			isa = PBXGroup;
			children = (
				8BF087BF2A1A6E62000F7846 /* Responses */,
				8BF087BE2A1A6E5A000F7846 /* Requests */,
			);
			path = Auth;
			sourceTree = "<group>";
		};
		8BF087BE2A1A6E5A000F7846 /* Requests */ = {
			isa = PBXGroup;
			children = (
				8BF087B62A1A6AE6000F7846 /* RegisterUserRequest.swift */,
				8BF087BA2A1A6DAF000F7846 /* AdminLoginRequest.swift */,
				8BF087BC2A1A6E17000F7846 /* UserLoginRequest.swift */,
			);
			path = Requests;
			sourceTree = "<group>";
		};
		8BF087BF2A1A6E62000F7846 /* Responses */ = {
			isa = PBXGroup;
			children = (
				8BF087B82A1A6C6B000F7846 /* AuthenticationUserResponse.swift */,
			);
			path = Responses;
			sourceTree = "<group>";
		};
/* End PBXGroup section */

/* Begin PBXNativeTarget section */
		8BF087782A1A3E42000F7846 /* OpenControl */ = {
			isa = PBXNativeTarget;
			buildConfigurationList = 8BF0878D2A1A3E43000F7846 /* Build configuration list for PBXNativeTarget "OpenControl" */;
			buildPhases = (
				8BF087752A1A3E42000F7846 /* Sources */,
				8BF087762A1A3E42000F7846 /* Frameworks */,
				8BF087772A1A3E42000F7846 /* Resources */,
			);
			buildRules = (
			);
			dependencies = (
			);
			name = OpenControl;
			productName = OpenControl;
			productReference = 8BF087792A1A3E42000F7846 /* OpenControl.app */;
			productType = "com.apple.product-type.application";
		};
/* End PBXNativeTarget section */

/* Begin PBXProject section */
		8BF087712A1A3E42000F7846 /* Project object */ = {
			isa = PBXProject;
			attributes = {
				BuildIndependentTargetsInParallel = 1;
				LastSwiftUpdateCheck = 1420;
				LastUpgradeCheck = 1420;
				TargetAttributes = {
					8BF087782A1A3E42000F7846 = {
						CreatedOnToolsVersion = 14.2;
					};
				};
			};
			buildConfigurationList = 8BF087742A1A3E42000F7846 /* Build configuration list for PBXProject "OpenControl" */;
			compatibilityVersion = "Xcode 14.0";
			developmentRegion = en;
			hasScannedForEncodings = 0;
			knownRegions = (
				en,
				Base,
			);
			mainGroup = 8BF087702A1A3E42000F7846;
			productRefGroup = 8BF0877A2A1A3E42000F7846 /* Products */;
			projectDirPath = "";
			projectRoot = "";
			targets = (
				8BF087782A1A3E42000F7846 /* OpenControl */,
			);
		};
/* End PBXProject section */

/* Begin PBXResourcesBuildPhase section */
		8BF087772A1A3E42000F7846 /* Resources */ = {
			isa = PBXResourcesBuildPhase;
			buildActionMask = 2147483647;
			files = (
				8BF087892A1A3E43000F7846 /* LaunchScreen.storyboard in Resources */,
				8BF087862A1A3E43000F7846 /* Assets.xcassets in Resources */,
			);
			runOnlyForDeploymentPostprocessing = 0;
		};
/* End PBXResourcesBuildPhase section */

/* Begin PBXSourcesBuildPhase section */
		8BF087752A1A3E42000F7846 /* Sources */ = {
			isa = PBXSourcesBuildPhase;
			buildActionMask = 2147483647;
			files = (
				8BF087BD2A1A6E17000F7846 /* UserLoginRequest.swift in Sources */,
				8BF087AB2A1A692B000F7846 /* Endpoint.swift in Sources */,
				8BF087BB2A1A6DAF000F7846 /* AdminLoginRequest.swift in Sources */,
				8BF087B32A1A69D6000F7846 /* RegistrationPresenter.swift in Sources */,
				8BF087A82A1A692B000F7846 /* URLSessionNetworkManager.swift in Sources */,
				8BF087B12A1A69BE000F7846 /* RegistrationViewController.swift in Sources */,
				8BF087B52A1A69E3000F7846 /* RegistrationModel.swift in Sources */,
				8BF087A92A1A692B000F7846 /* NetworkManager.swift in Sources */,
				8BF087B92A1A6C6B000F7846 /* AuthenticationUserResponse.swift in Sources */,
				8BF0877D2A1A3E42000F7846 /* AppDelegate.swift in Sources */,
				8BF0877F2A1A3E42000F7846 /* SceneDelegate.swift in Sources */,
				8BF087B72A1A6AE6000F7846 /* RegisterUserRequest.swift in Sources */,
				8BF087AC2A1A692B000F7846 /* NetworkEnums.swift in Sources */,
			);
			runOnlyForDeploymentPostprocessing = 0;
		};
/* End PBXSourcesBuildPhase section */

/* Begin PBXVariantGroup section */
		8BF087872A1A3E43000F7846 /* LaunchScreen.storyboard */ = {
			isa = PBXVariantGroup;
			children = (
				8BF087882A1A3E43000F7846 /* Base */,
			);
			name = LaunchScreen.storyboard;
			sourceTree = "<group>";
		};
/* End PBXVariantGroup section */

/* Begin XCBuildConfiguration section */
		8BF0878B2A1A3E43000F7846 /* Debug */ = {
			isa = XCBuildConfiguration;
			buildSettings = {
				ALWAYS_SEARCH_USER_PATHS = NO;
				CLANG_ANALYZER_NONNULL = YES;
				CLANG_ANALYZER_NUMBER_OBJECT_CONVERSION = YES_AGGRESSIVE;
				CLANG_CXX_LANGUAGE_STANDARD = "gnu++20";
				CLANG_ENABLE_MODULES = YES;
				CLANG_ENABLE_OBJC_ARC = YES;
				CLANG_ENABLE_OBJC_WEAK = YES;
				CLANG_WARN_BLOCK_CAPTURE_AUTORELEASING = YES;
				CLANG_WARN_BOOL_CONVERSION = YES;
				CLANG_WARN_COMMA = YES;
				CLANG_WARN_CONSTANT_CONVERSION = YES;
				CLANG_WARN_DEPRECATED_OBJC_IMPLEMENTATIONS = YES;
				CLANG_WARN_DIRECT_OBJC_ISA_USAGE = YES_ERROR;
				CLANG_WARN_DOCUMENTATION_COMMENTS = YES;
				CLANG_WARN_EMPTY_BODY = YES;
				CLANG_WARN_ENUM_CONVERSION = YES;
				CLANG_WARN_INFINITE_RECURSION = YES;
				CLANG_WARN_INT_CONVERSION = YES;
				CLANG_WARN_NON_LITERAL_NULL_CONVERSION = YES;
				CLANG_WARN_OBJC_IMPLICIT_RETAIN_SELF = YES;
				CLANG_WARN_OBJC_LITERAL_CONVERSION = YES;
				CLANG_WARN_OBJC_ROOT_CLASS = YES_ERROR;
				CLANG_WARN_QUOTED_INCLUDE_IN_FRAMEWORK_HEADER = YES;
				CLANG_WARN_RANGE_LOOP_ANALYSIS = YES;
				CLANG_WARN_STRICT_PROTOTYPES = YES;
				CLANG_WARN_SUSPICIOUS_MOVE = YES;
				CLANG_WARN_UNGUARDED_AVAILABILITY = YES_AGGRESSIVE;
				CLANG_WARN_UNREACHABLE_CODE = YES;
				CLANG_WARN__DUPLICATE_METHOD_MATCH = YES;
				COPY_PHASE_STRIP = NO;
				DEBUG_INFORMATION_FORMAT = dwarf;
				ENABLE_STRICT_OBJC_MSGSEND = YES;
				ENABLE_TESTABILITY = YES;
				GCC_C_LANGUAGE_STANDARD = gnu11;
				GCC_DYNAMIC_NO_PIC = NO;
				GCC_NO_COMMON_BLOCKS = YES;
				GCC_OPTIMIZATION_LEVEL = 0;
				GCC_PREPROCESSOR_DEFINITIONS = (
					"DEBUG=1",
					"$(inherited)",
				);
				GCC_WARN_64_TO_32_BIT_CONVERSION = YES;
				GCC_WARN_ABOUT_RETURN_TYPE = YES_ERROR;
				GCC_WARN_UNDECLARED_SELECTOR = YES;
				GCC_WARN_UNINITIALIZED_AUTOS = YES_AGGRESSIVE;
				GCC_WARN_UNUSED_FUNCTION = YES;
				GCC_WARN_UNUSED_VARIABLE = YES;
				IPHONEOS_DEPLOYMENT_TARGET = 16.2;
				MTL_ENABLE_DEBUG_INFO = INCLUDE_SOURCE;
				MTL_FAST_MATH = YES;
				ONLY_ACTIVE_ARCH = YES;
				SDKROOT = iphoneos;
				SWIFT_ACTIVE_COMPILATION_CONDITIONS = DEBUG;
				SWIFT_OPTIMIZATION_LEVEL = "-Onone";
			};
			name = Debug;
		};
		8BF0878C2A1A3E43000F7846 /* Release */ = {
			isa = XCBuildConfiguration;
			buildSettings = {
				ALWAYS_SEARCH_USER_PATHS = NO;
				CLANG_ANALYZER_NONNULL = YES;
				CLANG_ANALYZER_NUMBER_OBJECT_CONVERSION = YES_AGGRESSIVE;
				CLANG_CXX_LANGUAGE_STANDARD = "gnu++20";
				CLANG_ENABLE_MODULES = YES;
				CLANG_ENABLE_OBJC_ARC = YES;
				CLANG_ENABLE_OBJC_WEAK = YES;
				CLANG_WARN_BLOCK_CAPTURE_AUTORELEASING = YES;
				CLANG_WARN_BOOL_CONVERSION = YES;
				CLANG_WARN_COMMA = YES;
				CLANG_WARN_CONSTANT_CONVERSION = YES;
				CLANG_WARN_DEPRECATED_OBJC_IMPLEMENTATIONS = YES;
				CLANG_WARN_DIRECT_OBJC_ISA_USAGE = YES_ERROR;
				CLANG_WARN_DOCUMENTATION_COMMENTS = YES;
				CLANG_WARN_EMPTY_BODY = YES;
				CLANG_WARN_ENUM_CONVERSION = YES;
				CLANG_WARN_INFINITE_RECURSION = YES;
				CLANG_WARN_INT_CONVERSION = YES;
				CLANG_WARN_NON_LITERAL_NULL_CONVERSION = YES;
				CLANG_WARN_OBJC_IMPLICIT_RETAIN_SELF = YES;
				CLANG_WARN_OBJC_LITERAL_CONVERSION = YES;
				CLANG_WARN_OBJC_ROOT_CLASS = YES_ERROR;
				CLANG_WARN_QUOTED_INCLUDE_IN_FRAMEWORK_HEADER = YES;
				CLANG_WARN_RANGE_LOOP_ANALYSIS = YES;
				CLANG_WARN_STRICT_PROTOTYPES = YES;
				CLANG_WARN_SUSPICIOUS_MOVE = YES;
				CLANG_WARN_UNGUARDED_AVAILABILITY = YES_AGGRESSIVE;
				CLANG_WARN_UNREACHABLE_CODE = YES;
				CLANG_WARN__DUPLICATE_METHOD_MATCH = YES;
				COPY_PHASE_STRIP = NO;
				DEBUG_INFORMATION_FORMAT = "dwarf-with-dsym";
				ENABLE_NS_ASSERTIONS = NO;
				ENABLE_STRICT_OBJC_MSGSEND = YES;
				GCC_C_LANGUAGE_STANDARD = gnu11;
				GCC_NO_COMMON_BLOCKS = YES;
				GCC_WARN_64_TO_32_BIT_CONVERSION = YES;
				GCC_WARN_ABOUT_RETURN_TYPE = YES_ERROR;
				GCC_WARN_UNDECLARED_SELECTOR = YES;
				GCC_WARN_UNINITIALIZED_AUTOS = YES_AGGRESSIVE;
				GCC_WARN_UNUSED_FUNCTION = YES;
				GCC_WARN_UNUSED_VARIABLE = YES;
				IPHONEOS_DEPLOYMENT_TARGET = 16.2;
				MTL_ENABLE_DEBUG_INFO = NO;
				MTL_FAST_MATH = YES;
				SDKROOT = iphoneos;
				SWIFT_COMPILATION_MODE = wholemodule;
				SWIFT_OPTIMIZATION_LEVEL = "-O";
				VALIDATE_PRODUCT = YES;
			};
			name = Release;
		};
		8BF0878E2A1A3E43000F7846 /* Debug */ = {
			isa = XCBuildConfiguration;
			buildSettings = {
				ASSETCATALOG_COMPILER_APPICON_NAME = AppIcon;
				ASSETCATALOG_COMPILER_GLOBAL_ACCENT_COLOR_NAME = AccentColor;
				CODE_SIGN_STYLE = Automatic;
				CURRENT_PROJECT_VERSION = 1;
				DEVELOPMENT_TEAM = TH3HNHXAQ2;
				GENERATE_INFOPLIST_FILE = YES;
				INFOPLIST_FILE = OpenControl/Resources/Info.plist;
				INFOPLIST_KEY_CFBundleDisplayName = "Открытый контроль";
				INFOPLIST_KEY_LSApplicationCategoryType = "public.app-category.business";
				INFOPLIST_KEY_UIApplicationSupportsIndirectInputEvents = YES;
				INFOPLIST_KEY_UILaunchStoryboardName = LaunchScreen;
				INFOPLIST_KEY_UISupportedInterfaceOrientations = UIInterfaceOrientationPortrait;
				IPHONEOS_DEPLOYMENT_TARGET = 13.0;
				LD_RUNPATH_SEARCH_PATHS = (
					"$(inherited)",
					"@executable_path/Frameworks",
				);
				MARKETING_VERSION = 1.0;
				PRODUCT_BUNDLE_IDENTIFIER = ru.vladislav.OpenControl;
				PRODUCT_NAME = "$(TARGET_NAME)";
				SWIFT_EMIT_LOC_STRINGS = YES;
				SWIFT_VERSION = 5.0;
				TARGETED_DEVICE_FAMILY = 1;
			};
			name = Debug;
		};
		8BF0878F2A1A3E43000F7846 /* Release */ = {
			isa = XCBuildConfiguration;
			buildSettings = {
				ASSETCATALOG_COMPILER_APPICON_NAME = AppIcon;
				ASSETCATALOG_COMPILER_GLOBAL_ACCENT_COLOR_NAME = AccentColor;
				CODE_SIGN_STYLE = Automatic;
				CURRENT_PROJECT_VERSION = 1;
				DEVELOPMENT_TEAM = TH3HNHXAQ2;
				GENERATE_INFOPLIST_FILE = YES;
				INFOPLIST_FILE = OpenControl/Resources/Info.plist;
				INFOPLIST_KEY_CFBundleDisplayName = "Открытый контроль";
				INFOPLIST_KEY_LSApplicationCategoryType = "public.app-category.business";
				INFOPLIST_KEY_UIApplicationSupportsIndirectInputEvents = YES;
				INFOPLIST_KEY_UILaunchStoryboardName = LaunchScreen;
				INFOPLIST_KEY_UISupportedInterfaceOrientations = UIInterfaceOrientationPortrait;
				IPHONEOS_DEPLOYMENT_TARGET = 13.0;
				LD_RUNPATH_SEARCH_PATHS = (
					"$(inherited)",
					"@executable_path/Frameworks",
				);
				MARKETING_VERSION = 1.0;
				PRODUCT_BUNDLE_IDENTIFIER = ru.vladislav.OpenControl;
				PRODUCT_NAME = "$(TARGET_NAME)";
				SWIFT_EMIT_LOC_STRINGS = YES;
				SWIFT_VERSION = 5.0;
				TARGETED_DEVICE_FAMILY = 1;
			};
			name = Release;
		};
/* End XCBuildConfiguration section */

/* Begin XCConfigurationList section */
		8BF087742A1A3E42000F7846 /* Build configuration list for PBXProject "OpenControl" */ = {
			isa = XCConfigurationList;
			buildConfigurations = (
				8BF0878B2A1A3E43000F7846 /* Debug */,
				8BF0878C2A1A3E43000F7846 /* Release */,
			);
			defaultConfigurationIsVisible = 0;
			defaultConfigurationName = Release;
		};
		8BF0878D2A1A3E43000F7846 /* Build configuration list for PBXNativeTarget "OpenControl" */ = {
			isa = XCConfigurationList;
			buildConfigurations = (
				8BF0878E2A1A3E43000F7846 /* Debug */,
				8BF0878F2A1A3E43000F7846 /* Release */,
			);
			defaultConfigurationIsVisible = 0;
			defaultConfigurationName = Release;
		};
/* End XCConfigurationList section */
	};
	rootObject = 8BF087712A1A3E42000F7846 /* Project object */;
}
