// !$*UTF8*$!
{
	archiveVersion = 1;
	classes = {
	};
	objectVersion = 56;
	objects = {

/* Begin PBXBuildFile section */
		8B78C8932A1CE1C800B6C977 /* AuthRegPresenter.swift in Sources */ = {isa = PBXBuildFile; fileRef = 8B78C88F2A1CE1C800B6C977 /* AuthRegPresenter.swift */; };
		8B78C8942A1CE1C800B6C977 /* AuthRegViewController.swift in Sources */ = {isa = PBXBuildFile; fileRef = 8B78C8902A1CE1C800B6C977 /* AuthRegViewController.swift */; };
		8B78C8952A1CE1C800B6C977 /* AuthRegAssembly.swift in Sources */ = {isa = PBXBuildFile; fileRef = 8B78C8912A1CE1C800B6C977 /* AuthRegAssembly.swift */; };
		8B78C8962A1CE1C800B6C977 /* AuthRegModel.swift in Sources */ = {isa = PBXBuildFile; fileRef = 8B78C8922A1CE1C800B6C977 /* AuthRegModel.swift */; };
		8B78C89F2A1CE8E700B6C977 /* TextFieldTVCell.swift in Sources */ = {isa = PBXBuildFile; fileRef = 8B78C89E2A1CE8E700B6C977 /* TextFieldTVCell.swift */; };
		8B78C8A62A1CEBF600B6C977 /* CellConfigurator.swift in Sources */ = {isa = PBXBuildFile; fileRef = 8B78C8A32A1CEBF600B6C977 /* CellConfigurator.swift */; };
		8B78C8A72A1CEBF600B6C977 /* Configurable.swift in Sources */ = {isa = PBXBuildFile; fileRef = 8B78C8A42A1CEBF600B6C977 /* Configurable.swift */; };
		8B78C8A82A1CEBF600B6C977 /* CollectionCellConfigurator.swift in Sources */ = {isa = PBXBuildFile; fileRef = 8B78C8A52A1CEBF600B6C977 /* CollectionCellConfigurator.swift */; };
		8B78C8AA2A1CEC4000B6C977 /* TableCellConfigurator.swift in Sources */ = {isa = PBXBuildFile; fileRef = 8B78C8A92A1CEC4000B6C977 /* TableCellConfigurator.swift */; };
		8B78C8AC2A1CED4A00B6C977 /* AuthRegTableViewManager.swift in Sources */ = {isa = PBXBuildFile; fileRef = 8B78C8AB2A1CED4A00B6C977 /* AuthRegTableViewManager.swift */; };
		8B78C8AE2A1CEE2700B6C977 /* Collection+Helpers.swift in Sources */ = {isa = PBXBuildFile; fileRef = 8B78C8AD2A1CEE2700B6C977 /* Collection+Helpers.swift */; };
		8B78C8B02A1CEE6000B6C977 /* AuthRegViewModel.swift in Sources */ = {isa = PBXBuildFile; fileRef = 8B78C8AF2A1CEE6000B6C977 /* AuthRegViewModel.swift */; };
		8B78C8B22A1CEEE100B6C977 /* AuthRegDataConverter.swift in Sources */ = {isa = PBXBuildFile; fileRef = 8B78C8B12A1CEEE100B6C977 /* AuthRegDataConverter.swift */; };
		8B78C8B42A1CFBE900B6C977 /* OCTextField.swift in Sources */ = {isa = PBXBuildFile; fileRef = 8B78C8B32A1CFBE900B6C977 /* OCTextField.swift */; };
		8B78C8B92A1D05C600B6C977 /* ButtonTVCell.swift in Sources */ = {isa = PBXBuildFile; fileRef = 8B78C8B82A1D05C600B6C977 /* ButtonTVCell.swift */; };
		8B78C8BB2A1D06FB00B6C977 /* ForgotPasswordTVCell.swift in Sources */ = {isa = PBXBuildFile; fileRef = 8B78C8BA2A1D06FB00B6C977 /* ForgotPasswordTVCell.swift */; };
		8B78C8BF2A1D0C1500B6C977 /* SocialsTVCell.swift in Sources */ = {isa = PBXBuildFile; fileRef = 8B78C8BE2A1D0C1500B6C977 /* SocialsTVCell.swift */; };
		8B78C8C32A1D0F2000B6C977 /* IconCVCell.swift in Sources */ = {isa = PBXBuildFile; fileRef = 8B78C8C22A1D0F2000B6C977 /* IconCVCell.swift */; };
		8B78C8C62A1D1D8700B6C977 /* IQKeyboardManagerSwift in Frameworks */ = {isa = PBXBuildFile; productRef = 8B78C8C52A1D1D8700B6C977 /* IQKeyboardManagerSwift */; };
		8B78C8C92A1D22C200B6C977 /* SegmentedControllTVCell.swift in Sources */ = {isa = PBXBuildFile; fileRef = 8B78C8C82A1D22C200B6C977 /* SegmentedControllTVCell.swift */; };
		8B78C8CC2A1D235200B6C977 /* LogoTVCell.swift in Sources */ = {isa = PBXBuildFile; fileRef = 8B78C8CB2A1D235200B6C977 /* LogoTVCell.swift */; };
		8B78C8CF2A1D276900B6C977 /* Constants.swift in Sources */ = {isa = PBXBuildFile; fileRef = 8B78C8CE2A1D276900B6C977 /* Constants.swift */; };
		8B78C8D22A1D32BD00B6C977 /* PassRulesTVCell.swift in Sources */ = {isa = PBXBuildFile; fileRef = 8B78C8D12A1D32BD00B6C977 /* PassRulesTVCell.swift */; };
		8B78C8D52A1D348400B6C977 /* CheckBoxTVCell.swift in Sources */ = {isa = PBXBuildFile; fileRef = 8B78C8D42A1D348400B6C977 /* CheckBoxTVCell.swift */; };
		8B78C8D72A1D445C00B6C977 /* UITextField+Extension.swift in Sources */ = {isa = PBXBuildFile; fileRef = 8B78C8D62A1D445C00B6C977 /* UITextField+Extension.swift */; };
		8B78C8DA2A1D4AFB00B6C977 /* UITapGestureRecognizer+Extensions.swift in Sources */ = {isa = PBXBuildFile; fileRef = 8B78C8D92A1D4AFB00B6C977 /* UITapGestureRecognizer+Extensions.swift */; };
		8B78C8DE2A1D606100B6C977 /* Validator.swift in Sources */ = {isa = PBXBuildFile; fileRef = 8B78C8DD2A1D606100B6C977 /* Validator.swift */; };
		8B78C8E12A1E251100B6C977 /* ErrorPresentable.swift in Sources */ = {isa = PBXBuildFile; fileRef = 8B78C8E02A1E251100B6C977 /* ErrorPresentable.swift */; };
		8B78C8E42A1E25DA00B6C977 /* AuthRegData.swift in Sources */ = {isa = PBXBuildFile; fileRef = 8B78C8E32A1E25DA00B6C977 /* AuthRegData.swift */; };
		8B78C8EA2A1E2C5100B6C977 /* TabBarPresenter.swift in Sources */ = {isa = PBXBuildFile; fileRef = 8B78C8E62A1E2C5100B6C977 /* TabBarPresenter.swift */; };
		8B78C8EB2A1E2C5100B6C977 /* TabBarController.swift in Sources */ = {isa = PBXBuildFile; fileRef = 8B78C8E72A1E2C5100B6C977 /* TabBarController.swift */; };
		8B78C8EC2A1E2C5100B6C977 /* TabBarAssembly.swift in Sources */ = {isa = PBXBuildFile; fileRef = 8B78C8E82A1E2C5100B6C977 /* TabBarAssembly.swift */; };
		8B78C8ED2A1E2C5100B6C977 /* TabBarModel.swift in Sources */ = {isa = PBXBuildFile; fileRef = 8B78C8E92A1E2C5100B6C977 /* TabBarModel.swift */; };
		8B78C9092A1E48F800B6C977 /* Inter-Black.otf in Resources */ = {isa = PBXBuildFile; fileRef = 8B78C8F62A1E48B000B6C977 /* Inter-Black.otf */; };
		8B78C90A2A1E48FF00B6C977 /* Inter-BlackItalic.otf in Resources */ = {isa = PBXBuildFile; fileRef = 8B78C8FC2A1E48B000B6C977 /* Inter-BlackItalic.otf */; };
		8B78C90B2A1E490200B6C977 /* Inter-Bold.otf in Resources */ = {isa = PBXBuildFile; fileRef = 8B78C8FE2A1E48B000B6C977 /* Inter-Bold.otf */; };
		8B78C90C2A1E490500B6C977 /* Inter-BoldItalic.otf in Resources */ = {isa = PBXBuildFile; fileRef = 8B78C9012A1E48B000B6C977 /* Inter-BoldItalic.otf */; };
		8B78C90D2A1E490800B6C977 /* Inter-ExtraBold.otf in Resources */ = {isa = PBXBuildFile; fileRef = 8B78C9002A1E48B000B6C977 /* Inter-ExtraBold.otf */; };
		8B78C90E2A1E490B00B6C977 /* Inter-ExtraBoldItalic.otf in Resources */ = {isa = PBXBuildFile; fileRef = 8B78C9042A1E48B000B6C977 /* Inter-ExtraBoldItalic.otf */; };
		8B78C90F2A1E490E00B6C977 /* Inter-ExtraLight.otf in Resources */ = {isa = PBXBuildFile; fileRef = 8B78C8F72A1E48B000B6C977 /* Inter-ExtraLight.otf */; };
		8B78C9102A1E491200B6C977 /* Inter-ExtraLightItalic.otf in Resources */ = {isa = PBXBuildFile; fileRef = 8B78C8F92A1E48B000B6C977 /* Inter-ExtraLightItalic.otf */; };
		8B78C9112A1E491500B6C977 /* Inter-Italic.otf in Resources */ = {isa = PBXBuildFile; fileRef = 8B78C8FA2A1E48B000B6C977 /* Inter-Italic.otf */; };
		8B78C9122A1E491700B6C977 /* Inter-Light.otf in Resources */ = {isa = PBXBuildFile; fileRef = 8B78C8FD2A1E48B000B6C977 /* Inter-Light.otf */; };
		8B78C9132A1E491A00B6C977 /* Inter-LightItalic.otf in Resources */ = {isa = PBXBuildFile; fileRef = 8B78C9032A1E48B000B6C977 /* Inter-LightItalic.otf */; };
		8B78C9142A1E491C00B6C977 /* Inter-Medium.otf in Resources */ = {isa = PBXBuildFile; fileRef = 8B78C8F82A1E48B000B6C977 /* Inter-Medium.otf */; };
		8B78C9152A1E492000B6C977 /* Inter-MediumItalic.otf in Resources */ = {isa = PBXBuildFile; fileRef = 8B78C9082A1E48B100B6C977 /* Inter-MediumItalic.otf */; };
		8B78C9162A1E492400B6C977 /* Inter-Regular.otf in Resources */ = {isa = PBXBuildFile; fileRef = 8B78C9072A1E48B100B6C977 /* Inter-Regular.otf */; };
		8B78C9172A1E492600B6C977 /* Inter-SemiBold.otf in Resources */ = {isa = PBXBuildFile; fileRef = 8B78C9022A1E48B000B6C977 /* Inter-SemiBold.otf */; };
		8B78C9182A1E492900B6C977 /* Inter-SemiBoldItalic.otf in Resources */ = {isa = PBXBuildFile; fileRef = 8B78C9052A1E48B100B6C977 /* Inter-SemiBoldItalic.otf */; };
		8B78C9192A1E492B00B6C977 /* Inter-Thin.otf in Resources */ = {isa = PBXBuildFile; fileRef = 8B78C8FB2A1E48B000B6C977 /* Inter-Thin.otf */; };
		8B78C91A2A1E492E00B6C977 /* Inter-ThinItalic.otf in Resources */ = {isa = PBXBuildFile; fileRef = 8B78C8FF2A1E48B000B6C977 /* Inter-ThinItalic.otf */; };
		8B78C91D2A1E4CAD00B6C977 /* UIFont+Extensions.swift in Sources */ = {isa = PBXBuildFile; fileRef = 8B78C91C2A1E4CAD00B6C977 /* UIFont+Extensions.swift */; };
		8B78C9272A1F489C00B6C977 /* MainPresenter.swift in Sources */ = {isa = PBXBuildFile; fileRef = 8B78C9232A1F489C00B6C977 /* MainPresenter.swift */; };
		8B78C9282A1F489C00B6C977 /* MainViewController.swift in Sources */ = {isa = PBXBuildFile; fileRef = 8B78C9242A1F489C00B6C977 /* MainViewController.swift */; };
		8B78C9292A1F489C00B6C977 /* MainAssembly.swift in Sources */ = {isa = PBXBuildFile; fileRef = 8B78C9252A1F489C00B6C977 /* MainAssembly.swift */; };
		8B78C92A2A1F489C00B6C977 /* MainModel.swift in Sources */ = {isa = PBXBuildFile; fileRef = 8B78C9262A1F489C00B6C977 /* MainModel.swift */; };
		8B78C9312A1F4EB200B6C977 /* MainHeaderView.swift in Sources */ = {isa = PBXBuildFile; fileRef = 8B78C9302A1F4EB200B6C977 /* MainHeaderView.swift */; };
		8B78C9352A1F540A00B6C977 /* MainNavBarView.swift in Sources */ = {isa = PBXBuildFile; fileRef = 8B78C9342A1F540A00B6C977 /* MainNavBarView.swift */; };
		8B78C93C2A1F67E100B6C977 /* ChatBotPresenter.swift in Sources */ = {isa = PBXBuildFile; fileRef = 8B78C9382A1F67E100B6C977 /* ChatBotPresenter.swift */; };
		8B78C93D2A1F67E100B6C977 /* ChatBotViewController.swift in Sources */ = {isa = PBXBuildFile; fileRef = 8B78C9392A1F67E100B6C977 /* ChatBotViewController.swift */; };
		8B78C93E2A1F67E100B6C977 /* ChatBotAssembly.swift in Sources */ = {isa = PBXBuildFile; fileRef = 8B78C93A2A1F67E100B6C977 /* ChatBotAssembly.swift */; };
		8B78C93F2A1F67E100B6C977 /* ChatBotModel.swift in Sources */ = {isa = PBXBuildFile; fileRef = 8B78C93B2A1F67E100B6C977 /* ChatBotModel.swift */; };
		8B78C94E2A1F6AE200B6C977 /* LeftMessageCell.swift in Sources */ = {isa = PBXBuildFile; fileRef = 8B78C9482A1F6AE200B6C977 /* LeftMessageCell.swift */; };
		8B78C94F2A1F6AE200B6C977 /* RightMessageCell.swift in Sources */ = {isa = PBXBuildFile; fileRef = 8B78C94A2A1F6AE200B6C977 /* RightMessageCell.swift */; };
		8B78C9512A1F6AE200B6C977 /* MessageBubbleCell.swift in Sources */ = {isa = PBXBuildFile; fileRef = 8B78C94C2A1F6AE200B6C977 /* MessageBubbleCell.swift */; };
		8B78C9532A1F7C8E00B6C977 /* UIViewController+Extension.swift in Sources */ = {isa = PBXBuildFile; fileRef = 8B78C9522A1F7C8E00B6C977 /* UIViewController+Extension.swift */; };
		8B78C9572A1F87D000B6C977 /* MessageInputView.swift in Sources */ = {isa = PBXBuildFile; fileRef = 8B78C9562A1F87D000B6C977 /* MessageInputView.swift */; };
		8B78C9612A20CEF100B6C977 /* ConsultationPresenter.swift in Sources */ = {isa = PBXBuildFile; fileRef = 8B78C95D2A20CEF100B6C977 /* ConsultationPresenter.swift */; };
		8B78C9622A20CEF100B6C977 /* ConsultationViewController.swift in Sources */ = {isa = PBXBuildFile; fileRef = 8B78C95E2A20CEF100B6C977 /* ConsultationViewController.swift */; };
		8B78C9632A20CEF100B6C977 /* ConsultationAssembly.swift in Sources */ = {isa = PBXBuildFile; fileRef = 8B78C95F2A20CEF100B6C977 /* ConsultationAssembly.swift */; };
		8B78C9642A20CEF100B6C977 /* ConsultationModel.swift in Sources */ = {isa = PBXBuildFile; fileRef = 8B78C9602A20CEF100B6C977 /* ConsultationModel.swift */; };
		8B78C99E2A20DDAD00B6C977 /* DropDownControl.swift in Sources */ = {isa = PBXBuildFile; fileRef = 8B78C99D2A20DDAD00B6C977 /* DropDownControl.swift */; };
		8B78C9A12A20FB0B00B6C977 /* DropDownTVCell.swift in Sources */ = {isa = PBXBuildFile; fileRef = 8B78C9A02A20FB0B00B6C977 /* DropDownTVCell.swift */; };
		8B78C9A82A2234BF00B6C977 /* CalendarPickerFooterView.swift in Sources */ = {isa = PBXBuildFile; fileRef = 8B78C9A42A2234BF00B6C977 /* CalendarPickerFooterView.swift */; };
		8B78C9A92A2234BF00B6C977 /* CalendarPickerViewController.swift in Sources */ = {isa = PBXBuildFile; fileRef = 8B78C9A52A2234BF00B6C977 /* CalendarPickerViewController.swift */; };
		8B78C9AA2A2234BF00B6C977 /* CalendarDateCollectionViewCell.swift in Sources */ = {isa = PBXBuildFile; fileRef = 8B78C9A62A2234BF00B6C977 /* CalendarDateCollectionViewCell.swift */; };
		8B78C9AB2A2234BF00B6C977 /* CalendarPickerHeaderView.swift in Sources */ = {isa = PBXBuildFile; fileRef = 8B78C9A72A2234BF00B6C977 /* CalendarPickerHeaderView.swift */; };
		8B78C9B12A22353200B6C977 /* ChecklistItem.swift in Sources */ = {isa = PBXBuildFile; fileRef = 8B78C9AE2A22353200B6C977 /* ChecklistItem.swift */; };
		8B78C9B22A22353200B6C977 /* Day.swift in Sources */ = {isa = PBXBuildFile; fileRef = 8B78C9AF2A22353200B6C977 /* Day.swift */; };
		8B78C9B32A22353200B6C977 /* MonthMetadata.swift in Sources */ = {isa = PBXBuildFile; fileRef = 8B78C9B02A22353200B6C977 /* MonthMetadata.swift */; };
		8B78C9B62A230A3300B6C977 /* FittedSheets in Frameworks */ = {isa = PBXBuildFile; productRef = 8B78C9B52A230A3300B6C977 /* FittedSheets */; };
		8B78C9B92A23167700B6C977 /* OCButton.swift in Sources */ = {isa = PBXBuildFile; fileRef = 8B78C9B82A23167700B6C977 /* OCButton.swift */; };
		8B78C9BD2A23186F00B6C977 /* TimeCell.swift in Sources */ = {isa = PBXBuildFile; fileRef = 8B78C9BC2A23186F00B6C977 /* TimeCell.swift */; };
		8B78C9BF2A23187B00B6C977 /* CollectionViewTimeLayout.swift in Sources */ = {isa = PBXBuildFile; fileRef = 8B78C9BE2A23187B00B6C977 /* CollectionViewTimeLayout.swift */; };
		8B78C9C32A23216100B6C977 /* ConsultationHeaderView.swift in Sources */ = {isa = PBXBuildFile; fileRef = 8B78C9C22A23216100B6C977 /* ConsultationHeaderView.swift */; };
		8B78C9C52A23257D00B6C977 /* OpenControlEndpoint.swift in Sources */ = {isa = PBXBuildFile; fileRef = 8B78C9C42A23257D00B6C977 /* OpenControlEndpoint.swift */; };
		8B78C9CA2A232A9900B6C977 /* AuthService.swift in Sources */ = {isa = PBXBuildFile; fileRef = 8B78C9C92A232A9900B6C977 /* AuthService.swift */; };
		8B78C9CC2A2346CD00B6C977 /* UIViewController+Extensions.swift in Sources */ = {isa = PBXBuildFile; fileRef = 8B78C9CB2A2346CD00B6C977 /* UIViewController+Extensions.swift */; };
		8B78C9D02A2348CF00B6C977 /* UserDefaultsService.swift in Sources */ = {isa = PBXBuildFile; fileRef = 8B78C9CF2A2348CF00B6C977 /* UserDefaultsService.swift */; };
		8B78C9D42A234CD700B6C977 /* RegisterUserResponse.swift in Sources */ = {isa = PBXBuildFile; fileRef = 8B78C9D32A234CD700B6C977 /* RegisterUserResponse.swift */; };
		8B78C9D82A234FAC00B6C977 /* ConsultationService.swift in Sources */ = {isa = PBXBuildFile; fileRef = 8B78C9D72A234FAC00B6C977 /* ConsultationService.swift */; };
		8B78C9DB2A2352B600B6C977 /* Department.swift in Sources */ = {isa = PBXBuildFile; fileRef = 8B78C9DA2A2352B600B6C977 /* Department.swift */; };
		8B78C9DD2A23536D00B6C977 /* SubDepartment.swift in Sources */ = {isa = PBXBuildFile; fileRef = 8B78C9DC2A23536D00B6C977 /* SubDepartment.swift */; };
		8B78C9E02A23543000B6C977 /* ConsultationTopic.swift in Sources */ = {isa = PBXBuildFile; fileRef = 8B78C9DF2A23543000B6C977 /* ConsultationTopic.swift */; };
		8B78C9E62A23824E00B6C977 /* ThankYouViewController.swift in Sources */ = {isa = PBXBuildFile; fileRef = 8B78C9E52A23824E00B6C977 /* ThankYouViewController.swift */; };
		8BEE19012A1CA99A0006EEA0 /* RswiftLibrary in Frameworks */ = {isa = PBXBuildFile; productRef = 8BEE19002A1CA99A0006EEA0 /* RswiftLibrary */; };
		8BEE19072A1CAA340006EEA0 /* SnapKit in Frameworks */ = {isa = PBXBuildFile; productRef = 8BEE19062A1CAA340006EEA0 /* SnapKit */; };
		8BEE190D2A1CAB280006EEA0 /* StartPresenter.swift in Sources */ = {isa = PBXBuildFile; fileRef = 8BEE19092A1CAB280006EEA0 /* StartPresenter.swift */; };
		8BEE190E2A1CAB280006EEA0 /* StartViewController.swift in Sources */ = {isa = PBXBuildFile; fileRef = 8BEE190A2A1CAB280006EEA0 /* StartViewController.swift */; };
		8BEE190F2A1CAB280006EEA0 /* StartAssembly.swift in Sources */ = {isa = PBXBuildFile; fileRef = 8BEE190B2A1CAB280006EEA0 /* StartAssembly.swift */; };
		8BEE19102A1CAB280006EEA0 /* StartModel.swift in Sources */ = {isa = PBXBuildFile; fileRef = 8BEE190C2A1CAB280006EEA0 /* StartModel.swift */; };
		8BEE19182A1CAC820006EEA0 /* LogoView.swift in Sources */ = {isa = PBXBuildFile; fileRef = 8BEE19172A1CAC820006EEA0 /* LogoView.swift */; };
		8BEE191D2A1CAF230006EEA0 /* UILabel+Extensions.swift in Sources */ = {isa = PBXBuildFile; fileRef = 8BEE191C2A1CAF230006EEA0 /* UILabel+Extensions.swift */; };
		8BEE19202A1CB2820006EEA0 /* UIView+Extensions.swift in Sources */ = {isa = PBXBuildFile; fileRef = 8BEE191F2A1CB2820006EEA0 /* UIView+Extensions.swift */; };
		8BEE19262A1CC4430006EEA0 /* UICollectionViewCell+Extensions.swift in Sources */ = {isa = PBXBuildFile; fileRef = 8BEE19252A1CC4430006EEA0 /* UICollectionViewCell+Extensions.swift */; };
		8BEE19282A1CC4570006EEA0 /* UITableView+Extensions.swift in Sources */ = {isa = PBXBuildFile; fileRef = 8BEE19272A1CC4570006EEA0 /* UITableView+Extensions.swift */; };
		8BEE192A2A1CCA780006EEA0 /* StockModel.swift in Sources */ = {isa = PBXBuildFile; fileRef = 8BEE19292A1CCA780006EEA0 /* StockModel.swift */; };
		8BEE192F2A1CD9200006EEA0 /* StockCVCell.swift in Sources */ = {isa = PBXBuildFile; fileRef = 8BEE192E2A1CD9200006EEA0 /* StockCVCell.swift */; };
		8BF0877D2A1A3E42000F7846 /* AppDelegate.swift in Sources */ = {isa = PBXBuildFile; fileRef = 8BF0877C2A1A3E42000F7846 /* AppDelegate.swift */; };
		8BF0877F2A1A3E42000F7846 /* SceneDelegate.swift in Sources */ = {isa = PBXBuildFile; fileRef = 8BF0877E2A1A3E42000F7846 /* SceneDelegate.swift */; };
		8BF087862A1A3E43000F7846 /* Assets.xcassets in Resources */ = {isa = PBXBuildFile; fileRef = 8BF087852A1A3E43000F7846 /* Assets.xcassets */; };
		8BF087892A1A3E43000F7846 /* LaunchScreen.storyboard in Resources */ = {isa = PBXBuildFile; fileRef = 8BF087872A1A3E43000F7846 /* LaunchScreen.storyboard */; };
		8BF087A82A1A692B000F7846 /* URLSessionNetworkManager.swift in Sources */ = {isa = PBXBuildFile; fileRef = 8BF0879B2A1A692B000F7846 /* URLSessionNetworkManager.swift */; };
		8BF087A92A1A692B000F7846 /* NetworkManager.swift in Sources */ = {isa = PBXBuildFile; fileRef = 8BF0879C2A1A692B000F7846 /* NetworkManager.swift */; };
		8BF087AB2A1A692B000F7846 /* Endpoint.swift in Sources */ = {isa = PBXBuildFile; fileRef = 8BF087A02A1A692B000F7846 /* Endpoint.swift */; };
		8BF087AC2A1A692B000F7846 /* NetworkEnums.swift in Sources */ = {isa = PBXBuildFile; fileRef = 8BF087A22A1A692B000F7846 /* NetworkEnums.swift */; };
		8BF087B72A1A6AE6000F7846 /* RegisterUserRequest.swift in Sources */ = {isa = PBXBuildFile; fileRef = 8BF087B62A1A6AE6000F7846 /* RegisterUserRequest.swift */; };
		8BF087B92A1A6C6B000F7846 /* AuthenticationUserResponse.swift in Sources */ = {isa = PBXBuildFile; fileRef = 8BF087B82A1A6C6B000F7846 /* AuthenticationUserResponse.swift */; };
		8BF087BB2A1A6DAF000F7846 /* AdminLoginRequest.swift in Sources */ = {isa = PBXBuildFile; fileRef = 8BF087BA2A1A6DAF000F7846 /* AdminLoginRequest.swift */; };
		8BF087BD2A1A6E17000F7846 /* UserLoginRequest.swift in Sources */ = {isa = PBXBuildFile; fileRef = 8BF087BC2A1A6E17000F7846 /* UserLoginRequest.swift */; };
		8BF087C22A1A6F0E000F7846 /* ConsultationsRequest.swift in Sources */ = {isa = PBXBuildFile; fileRef = 8BF087C12A1A6F0E000F7846 /* ConsultationsRequest.swift */; };
		8BF087C42A1A6F48000F7846 /* ConsultationsResponse.swift in Sources */ = {isa = PBXBuildFile; fileRef = 8BF087C32A1A6F48000F7846 /* ConsultationsResponse.swift */; };
		8BF087C62A1A6FC5000F7846 /* Consultation.swift in Sources */ = {isa = PBXBuildFile; fileRef = 8BF087C52A1A6FC5000F7846 /* Consultation.swift */; };
		8BF087C82A1A7142000F7846 /* BookSlotRequest.swift in Sources */ = {isa = PBXBuildFile; fileRef = 8BF087C72A1A7142000F7846 /* BookSlotRequest.swift */; };
		8BF087CA2A1A71A5000F7846 /* CancelSlotBookingByAdminRequest.swift in Sources */ = {isa = PBXBuildFile; fileRef = 8BF087C92A1A71A5000F7846 /* CancelSlotBookingByAdminRequest.swift */; };
		8BF087CC2A1A71CC000F7846 /* CancelSlotBookingByUserRequest.swift in Sources */ = {isa = PBXBuildFile; fileRef = 8BF087CB2A1A71CC000F7846 /* CancelSlotBookingByUserRequest.swift */; };
		8BF087CE2A1A7202000F7846 /* SlotsRequest.swift in Sources */ = {isa = PBXBuildFile; fileRef = 8BF087CD2A1A7202000F7846 /* SlotsRequest.swift */; };
		8BF087D02A1A7240000F7846 /* SlotsResponse.swift in Sources */ = {isa = PBXBuildFile; fileRef = 8BF087CF2A1A7240000F7846 /* SlotsResponse.swift */; };
		8BF087D22A1A7260000F7846 /* ConsultationSlot.swift in Sources */ = {isa = PBXBuildFile; fileRef = 8BF087D12A1A7260000F7846 /* ConsultationSlot.swift */; };
/* End PBXBuildFile section */

/* Begin PBXFileReference section */
		8B78C88F2A1CE1C800B6C977 /* AuthRegPresenter.swift */ = {isa = PBXFileReference; lastKnownFileType = sourcecode.swift; path = AuthRegPresenter.swift; sourceTree = "<group>"; };
		8B78C8902A1CE1C800B6C977 /* AuthRegViewController.swift */ = {isa = PBXFileReference; lastKnownFileType = sourcecode.swift; path = AuthRegViewController.swift; sourceTree = "<group>"; };
		8B78C8912A1CE1C800B6C977 /* AuthRegAssembly.swift */ = {isa = PBXFileReference; lastKnownFileType = sourcecode.swift; path = AuthRegAssembly.swift; sourceTree = "<group>"; };
		8B78C8922A1CE1C800B6C977 /* AuthRegModel.swift */ = {isa = PBXFileReference; lastKnownFileType = sourcecode.swift; path = AuthRegModel.swift; sourceTree = "<group>"; };
		8B78C89E2A1CE8E700B6C977 /* TextFieldTVCell.swift */ = {isa = PBXFileReference; lastKnownFileType = sourcecode.swift; path = TextFieldTVCell.swift; sourceTree = "<group>"; };
		8B78C8A32A1CEBF600B6C977 /* CellConfigurator.swift */ = {isa = PBXFileReference; fileEncoding = 4; lastKnownFileType = sourcecode.swift; path = CellConfigurator.swift; sourceTree = "<group>"; };
		8B78C8A42A1CEBF600B6C977 /* Configurable.swift */ = {isa = PBXFileReference; fileEncoding = 4; lastKnownFileType = sourcecode.swift; path = Configurable.swift; sourceTree = "<group>"; };
		8B78C8A52A1CEBF600B6C977 /* CollectionCellConfigurator.swift */ = {isa = PBXFileReference; fileEncoding = 4; lastKnownFileType = sourcecode.swift; path = CollectionCellConfigurator.swift; sourceTree = "<group>"; };
		8B78C8A92A1CEC4000B6C977 /* TableCellConfigurator.swift */ = {isa = PBXFileReference; fileEncoding = 4; lastKnownFileType = sourcecode.swift; path = TableCellConfigurator.swift; sourceTree = "<group>"; };
		8B78C8AB2A1CED4A00B6C977 /* AuthRegTableViewManager.swift */ = {isa = PBXFileReference; lastKnownFileType = sourcecode.swift; path = AuthRegTableViewManager.swift; sourceTree = "<group>"; };
		8B78C8AD2A1CEE2700B6C977 /* Collection+Helpers.swift */ = {isa = PBXFileReference; fileEncoding = 4; lastKnownFileType = sourcecode.swift; path = "Collection+Helpers.swift"; sourceTree = "<group>"; };
		8B78C8AF2A1CEE6000B6C977 /* AuthRegViewModel.swift */ = {isa = PBXFileReference; lastKnownFileType = sourcecode.swift; path = AuthRegViewModel.swift; sourceTree = "<group>"; };
		8B78C8B12A1CEEE100B6C977 /* AuthRegDataConverter.swift */ = {isa = PBXFileReference; lastKnownFileType = sourcecode.swift; path = AuthRegDataConverter.swift; sourceTree = "<group>"; };
		8B78C8B32A1CFBE900B6C977 /* OCTextField.swift */ = {isa = PBXFileReference; lastKnownFileType = sourcecode.swift; path = OCTextField.swift; sourceTree = "<group>"; };
		8B78C8B82A1D05C600B6C977 /* ButtonTVCell.swift */ = {isa = PBXFileReference; lastKnownFileType = sourcecode.swift; path = ButtonTVCell.swift; sourceTree = "<group>"; };
		8B78C8BA2A1D06FB00B6C977 /* ForgotPasswordTVCell.swift */ = {isa = PBXFileReference; lastKnownFileType = sourcecode.swift; path = ForgotPasswordTVCell.swift; sourceTree = "<group>"; };
		8B78C8BE2A1D0C1500B6C977 /* SocialsTVCell.swift */ = {isa = PBXFileReference; lastKnownFileType = sourcecode.swift; path = SocialsTVCell.swift; sourceTree = "<group>"; };
		8B78C8C22A1D0F2000B6C977 /* IconCVCell.swift */ = {isa = PBXFileReference; lastKnownFileType = sourcecode.swift; path = IconCVCell.swift; sourceTree = "<group>"; };
		8B78C8C82A1D22C200B6C977 /* SegmentedControllTVCell.swift */ = {isa = PBXFileReference; lastKnownFileType = sourcecode.swift; path = SegmentedControllTVCell.swift; sourceTree = "<group>"; };
		8B78C8CB2A1D235200B6C977 /* LogoTVCell.swift */ = {isa = PBXFileReference; lastKnownFileType = sourcecode.swift; path = LogoTVCell.swift; sourceTree = "<group>"; };
		8B78C8CE2A1D276900B6C977 /* Constants.swift */ = {isa = PBXFileReference; lastKnownFileType = sourcecode.swift; path = Constants.swift; sourceTree = "<group>"; };
		8B78C8D12A1D32BD00B6C977 /* PassRulesTVCell.swift */ = {isa = PBXFileReference; lastKnownFileType = sourcecode.swift; path = PassRulesTVCell.swift; sourceTree = "<group>"; };
		8B78C8D42A1D348400B6C977 /* CheckBoxTVCell.swift */ = {isa = PBXFileReference; lastKnownFileType = sourcecode.swift; path = CheckBoxTVCell.swift; sourceTree = "<group>"; };
		8B78C8D62A1D445C00B6C977 /* UITextField+Extension.swift */ = {isa = PBXFileReference; lastKnownFileType = sourcecode.swift; path = "UITextField+Extension.swift"; sourceTree = "<group>"; };
		8B78C8D92A1D4AFB00B6C977 /* UITapGestureRecognizer+Extensions.swift */ = {isa = PBXFileReference; lastKnownFileType = sourcecode.swift; path = "UITapGestureRecognizer+Extensions.swift"; sourceTree = "<group>"; };
		8B78C8DD2A1D606100B6C977 /* Validator.swift */ = {isa = PBXFileReference; lastKnownFileType = sourcecode.swift; path = Validator.swift; sourceTree = "<group>"; };
		8B78C8E02A1E251100B6C977 /* ErrorPresentable.swift */ = {isa = PBXFileReference; lastKnownFileType = sourcecode.swift; path = ErrorPresentable.swift; sourceTree = "<group>"; };
		8B78C8E32A1E25DA00B6C977 /* AuthRegData.swift */ = {isa = PBXFileReference; lastKnownFileType = sourcecode.swift; path = AuthRegData.swift; sourceTree = "<group>"; };
		8B78C8E62A1E2C5100B6C977 /* TabBarPresenter.swift */ = {isa = PBXFileReference; lastKnownFileType = sourcecode.swift; path = TabBarPresenter.swift; sourceTree = "<group>"; };
		8B78C8E72A1E2C5100B6C977 /* TabBarController.swift */ = {isa = PBXFileReference; lastKnownFileType = sourcecode.swift; path = TabBarController.swift; sourceTree = "<group>"; };
		8B78C8E82A1E2C5100B6C977 /* TabBarAssembly.swift */ = {isa = PBXFileReference; lastKnownFileType = sourcecode.swift; path = TabBarAssembly.swift; sourceTree = "<group>"; };
		8B78C8E92A1E2C5100B6C977 /* TabBarModel.swift */ = {isa = PBXFileReference; lastKnownFileType = sourcecode.swift; path = TabBarModel.swift; sourceTree = "<group>"; };
		8B78C8F62A1E48B000B6C977 /* Inter-Black.otf */ = {isa = PBXFileReference; lastKnownFileType = file; path = "Inter-Black.otf"; sourceTree = "<group>"; };
		8B78C8F72A1E48B000B6C977 /* Inter-ExtraLight.otf */ = {isa = PBXFileReference; lastKnownFileType = file; path = "Inter-ExtraLight.otf"; sourceTree = "<group>"; };
		8B78C8F82A1E48B000B6C977 /* Inter-Medium.otf */ = {isa = PBXFileReference; lastKnownFileType = file; path = "Inter-Medium.otf"; sourceTree = "<group>"; };
		8B78C8F92A1E48B000B6C977 /* Inter-ExtraLightItalic.otf */ = {isa = PBXFileReference; lastKnownFileType = file; path = "Inter-ExtraLightItalic.otf"; sourceTree = "<group>"; };
		8B78C8FA2A1E48B000B6C977 /* Inter-Italic.otf */ = {isa = PBXFileReference; lastKnownFileType = file; path = "Inter-Italic.otf"; sourceTree = "<group>"; };
		8B78C8FB2A1E48B000B6C977 /* Inter-Thin.otf */ = {isa = PBXFileReference; lastKnownFileType = file; path = "Inter-Thin.otf"; sourceTree = "<group>"; };
		8B78C8FC2A1E48B000B6C977 /* Inter-BlackItalic.otf */ = {isa = PBXFileReference; lastKnownFileType = file; path = "Inter-BlackItalic.otf"; sourceTree = "<group>"; };
		8B78C8FD2A1E48B000B6C977 /* Inter-Light.otf */ = {isa = PBXFileReference; lastKnownFileType = file; path = "Inter-Light.otf"; sourceTree = "<group>"; };
		8B78C8FE2A1E48B000B6C977 /* Inter-Bold.otf */ = {isa = PBXFileReference; lastKnownFileType = file; path = "Inter-Bold.otf"; sourceTree = "<group>"; };
		8B78C8FF2A1E48B000B6C977 /* Inter-ThinItalic.otf */ = {isa = PBXFileReference; lastKnownFileType = file; path = "Inter-ThinItalic.otf"; sourceTree = "<group>"; };
		8B78C9002A1E48B000B6C977 /* Inter-ExtraBold.otf */ = {isa = PBXFileReference; lastKnownFileType = file; path = "Inter-ExtraBold.otf"; sourceTree = "<group>"; };
		8B78C9012A1E48B000B6C977 /* Inter-BoldItalic.otf */ = {isa = PBXFileReference; lastKnownFileType = file; path = "Inter-BoldItalic.otf"; sourceTree = "<group>"; };
		8B78C9022A1E48B000B6C977 /* Inter-SemiBold.otf */ = {isa = PBXFileReference; lastKnownFileType = file; path = "Inter-SemiBold.otf"; sourceTree = "<group>"; };
		8B78C9032A1E48B000B6C977 /* Inter-LightItalic.otf */ = {isa = PBXFileReference; lastKnownFileType = file; path = "Inter-LightItalic.otf"; sourceTree = "<group>"; };
		8B78C9042A1E48B000B6C977 /* Inter-ExtraBoldItalic.otf */ = {isa = PBXFileReference; lastKnownFileType = file; path = "Inter-ExtraBoldItalic.otf"; sourceTree = "<group>"; };
		8B78C9052A1E48B100B6C977 /* Inter-SemiBoldItalic.otf */ = {isa = PBXFileReference; lastKnownFileType = file; path = "Inter-SemiBoldItalic.otf"; sourceTree = "<group>"; };
		8B78C9072A1E48B100B6C977 /* Inter-Regular.otf */ = {isa = PBXFileReference; lastKnownFileType = file; path = "Inter-Regular.otf"; sourceTree = "<group>"; };
		8B78C9082A1E48B100B6C977 /* Inter-MediumItalic.otf */ = {isa = PBXFileReference; lastKnownFileType = file; path = "Inter-MediumItalic.otf"; sourceTree = "<group>"; };
		8B78C91C2A1E4CAD00B6C977 /* UIFont+Extensions.swift */ = {isa = PBXFileReference; lastKnownFileType = sourcecode.swift; path = "UIFont+Extensions.swift"; sourceTree = "<group>"; };
		8B78C9232A1F489C00B6C977 /* MainPresenter.swift */ = {isa = PBXFileReference; lastKnownFileType = sourcecode.swift; path = MainPresenter.swift; sourceTree = "<group>"; };
		8B78C9242A1F489C00B6C977 /* MainViewController.swift */ = {isa = PBXFileReference; lastKnownFileType = sourcecode.swift; path = MainViewController.swift; sourceTree = "<group>"; };
		8B78C9252A1F489C00B6C977 /* MainAssembly.swift */ = {isa = PBXFileReference; lastKnownFileType = sourcecode.swift; path = MainAssembly.swift; sourceTree = "<group>"; };
		8B78C9262A1F489C00B6C977 /* MainModel.swift */ = {isa = PBXFileReference; lastKnownFileType = sourcecode.swift; path = MainModel.swift; sourceTree = "<group>"; };
		8B78C9302A1F4EB200B6C977 /* MainHeaderView.swift */ = {isa = PBXFileReference; lastKnownFileType = sourcecode.swift; path = MainHeaderView.swift; sourceTree = "<group>"; };
		8B78C9342A1F540A00B6C977 /* MainNavBarView.swift */ = {isa = PBXFileReference; lastKnownFileType = sourcecode.swift; path = MainNavBarView.swift; sourceTree = "<group>"; };
		8B78C9382A1F67E100B6C977 /* ChatBotPresenter.swift */ = {isa = PBXFileReference; lastKnownFileType = sourcecode.swift; path = ChatBotPresenter.swift; sourceTree = "<group>"; };
		8B78C9392A1F67E100B6C977 /* ChatBotViewController.swift */ = {isa = PBXFileReference; lastKnownFileType = sourcecode.swift; path = ChatBotViewController.swift; sourceTree = "<group>"; };
		8B78C93A2A1F67E100B6C977 /* ChatBotAssembly.swift */ = {isa = PBXFileReference; lastKnownFileType = sourcecode.swift; path = ChatBotAssembly.swift; sourceTree = "<group>"; };
		8B78C93B2A1F67E100B6C977 /* ChatBotModel.swift */ = {isa = PBXFileReference; lastKnownFileType = sourcecode.swift; path = ChatBotModel.swift; sourceTree = "<group>"; };
		8B78C9482A1F6AE200B6C977 /* LeftMessageCell.swift */ = {isa = PBXFileReference; fileEncoding = 4; lastKnownFileType = sourcecode.swift; path = LeftMessageCell.swift; sourceTree = "<group>"; };
		8B78C94A2A1F6AE200B6C977 /* RightMessageCell.swift */ = {isa = PBXFileReference; fileEncoding = 4; lastKnownFileType = sourcecode.swift; path = RightMessageCell.swift; sourceTree = "<group>"; };
		8B78C94C2A1F6AE200B6C977 /* MessageBubbleCell.swift */ = {isa = PBXFileReference; fileEncoding = 4; lastKnownFileType = sourcecode.swift; path = MessageBubbleCell.swift; sourceTree = "<group>"; };
		8B78C9522A1F7C8E00B6C977 /* UIViewController+Extension.swift */ = {isa = PBXFileReference; lastKnownFileType = sourcecode.swift; path = "UIViewController+Extension.swift"; sourceTree = "<group>"; };
		8B78C9562A1F87D000B6C977 /* MessageInputView.swift */ = {isa = PBXFileReference; lastKnownFileType = sourcecode.swift; path = MessageInputView.swift; sourceTree = "<group>"; };
		8B78C95D2A20CEF100B6C977 /* ConsultationPresenter.swift */ = {isa = PBXFileReference; lastKnownFileType = sourcecode.swift; path = ConsultationPresenter.swift; sourceTree = "<group>"; };
		8B78C95E2A20CEF100B6C977 /* ConsultationViewController.swift */ = {isa = PBXFileReference; lastKnownFileType = sourcecode.swift; path = ConsultationViewController.swift; sourceTree = "<group>"; };
		8B78C95F2A20CEF100B6C977 /* ConsultationAssembly.swift */ = {isa = PBXFileReference; lastKnownFileType = sourcecode.swift; path = ConsultationAssembly.swift; sourceTree = "<group>"; };
		8B78C9602A20CEF100B6C977 /* ConsultationModel.swift */ = {isa = PBXFileReference; lastKnownFileType = sourcecode.swift; path = ConsultationModel.swift; sourceTree = "<group>"; };
		8B78C99D2A20DDAD00B6C977 /* DropDownControl.swift */ = {isa = PBXFileReference; lastKnownFileType = sourcecode.swift; path = DropDownControl.swift; sourceTree = "<group>"; };
		8B78C9A02A20FB0B00B6C977 /* DropDownTVCell.swift */ = {isa = PBXFileReference; lastKnownFileType = sourcecode.swift; path = DropDownTVCell.swift; sourceTree = "<group>"; };
		8B78C9A42A2234BF00B6C977 /* CalendarPickerFooterView.swift */ = {isa = PBXFileReference; fileEncoding = 4; lastKnownFileType = sourcecode.swift; path = CalendarPickerFooterView.swift; sourceTree = "<group>"; };
		8B78C9A52A2234BF00B6C977 /* CalendarPickerViewController.swift */ = {isa = PBXFileReference; fileEncoding = 4; lastKnownFileType = sourcecode.swift; path = CalendarPickerViewController.swift; sourceTree = "<group>"; };
		8B78C9A62A2234BF00B6C977 /* CalendarDateCollectionViewCell.swift */ = {isa = PBXFileReference; fileEncoding = 4; lastKnownFileType = sourcecode.swift; path = CalendarDateCollectionViewCell.swift; sourceTree = "<group>"; };
		8B78C9A72A2234BF00B6C977 /* CalendarPickerHeaderView.swift */ = {isa = PBXFileReference; fileEncoding = 4; lastKnownFileType = sourcecode.swift; path = CalendarPickerHeaderView.swift; sourceTree = "<group>"; };
		8B78C9AE2A22353200B6C977 /* ChecklistItem.swift */ = {isa = PBXFileReference; fileEncoding = 4; lastKnownFileType = sourcecode.swift; path = ChecklistItem.swift; sourceTree = "<group>"; };
		8B78C9AF2A22353200B6C977 /* Day.swift */ = {isa = PBXFileReference; fileEncoding = 4; lastKnownFileType = sourcecode.swift; path = Day.swift; sourceTree = "<group>"; };
		8B78C9B02A22353200B6C977 /* MonthMetadata.swift */ = {isa = PBXFileReference; fileEncoding = 4; lastKnownFileType = sourcecode.swift; path = MonthMetadata.swift; sourceTree = "<group>"; };
		8B78C9B82A23167700B6C977 /* OCButton.swift */ = {isa = PBXFileReference; lastKnownFileType = sourcecode.swift; path = OCButton.swift; sourceTree = "<group>"; };
		8B78C9BC2A23186F00B6C977 /* TimeCell.swift */ = {isa = PBXFileReference; fileEncoding = 4; lastKnownFileType = sourcecode.swift; path = TimeCell.swift; sourceTree = "<group>"; };
		8B78C9BE2A23187B00B6C977 /* CollectionViewTimeLayout.swift */ = {isa = PBXFileReference; fileEncoding = 4; lastKnownFileType = sourcecode.swift; path = CollectionViewTimeLayout.swift; sourceTree = "<group>"; };
		8B78C9C22A23216100B6C977 /* ConsultationHeaderView.swift */ = {isa = PBXFileReference; lastKnownFileType = sourcecode.swift; path = ConsultationHeaderView.swift; sourceTree = "<group>"; };
		8B78C9C42A23257D00B6C977 /* OpenControlEndpoint.swift */ = {isa = PBXFileReference; lastKnownFileType = sourcecode.swift; path = OpenControlEndpoint.swift; sourceTree = "<group>"; };
		8B78C9C92A232A9900B6C977 /* AuthService.swift */ = {isa = PBXFileReference; lastKnownFileType = sourcecode.swift; path = AuthService.swift; sourceTree = "<group>"; };
		8B78C9CB2A2346CD00B6C977 /* UIViewController+Extensions.swift */ = {isa = PBXFileReference; lastKnownFileType = sourcecode.swift; path = "UIViewController+Extensions.swift"; sourceTree = "<group>"; };
		8B78C9CF2A2348CF00B6C977 /* UserDefaultsService.swift */ = {isa = PBXFileReference; lastKnownFileType = sourcecode.swift; path = UserDefaultsService.swift; sourceTree = "<group>"; };
		8B78C9D32A234CD700B6C977 /* RegisterUserResponse.swift */ = {isa = PBXFileReference; lastKnownFileType = sourcecode.swift; path = RegisterUserResponse.swift; sourceTree = "<group>"; };
		8B78C9D72A234FAC00B6C977 /* ConsultationService.swift */ = {isa = PBXFileReference; lastKnownFileType = sourcecode.swift; path = ConsultationService.swift; sourceTree = "<group>"; };
		8B78C9DA2A2352B600B6C977 /* Department.swift */ = {isa = PBXFileReference; lastKnownFileType = sourcecode.swift; path = Department.swift; sourceTree = "<group>"; };
		8B78C9DC2A23536D00B6C977 /* SubDepartment.swift */ = {isa = PBXFileReference; lastKnownFileType = sourcecode.swift; path = SubDepartment.swift; sourceTree = "<group>"; };
		8B78C9DF2A23543000B6C977 /* ConsultationTopic.swift */ = {isa = PBXFileReference; lastKnownFileType = sourcecode.swift; path = ConsultationTopic.swift; sourceTree = "<group>"; };
		8B78C9E52A23824E00B6C977 /* ThankYouViewController.swift */ = {isa = PBXFileReference; lastKnownFileType = sourcecode.swift; path = ThankYouViewController.swift; sourceTree = "<group>"; };
		8BEE19092A1CAB280006EEA0 /* StartPresenter.swift */ = {isa = PBXFileReference; lastKnownFileType = sourcecode.swift; path = StartPresenter.swift; sourceTree = "<group>"; };
		8BEE190A2A1CAB280006EEA0 /* StartViewController.swift */ = {isa = PBXFileReference; lastKnownFileType = sourcecode.swift; path = StartViewController.swift; sourceTree = "<group>"; };
		8BEE190B2A1CAB280006EEA0 /* StartAssembly.swift */ = {isa = PBXFileReference; lastKnownFileType = sourcecode.swift; path = StartAssembly.swift; sourceTree = "<group>"; };
		8BEE190C2A1CAB280006EEA0 /* StartModel.swift */ = {isa = PBXFileReference; lastKnownFileType = sourcecode.swift; path = StartModel.swift; sourceTree = "<group>"; };
		8BEE19172A1CAC820006EEA0 /* LogoView.swift */ = {isa = PBXFileReference; lastKnownFileType = sourcecode.swift; path = LogoView.swift; sourceTree = "<group>"; };
		8BEE191C2A1CAF230006EEA0 /* UILabel+Extensions.swift */ = {isa = PBXFileReference; lastKnownFileType = sourcecode.swift; path = "UILabel+Extensions.swift"; sourceTree = "<group>"; };
		8BEE191F2A1CB2820006EEA0 /* UIView+Extensions.swift */ = {isa = PBXFileReference; lastKnownFileType = sourcecode.swift; path = "UIView+Extensions.swift"; sourceTree = "<group>"; };
		8BEE19252A1CC4430006EEA0 /* UICollectionViewCell+Extensions.swift */ = {isa = PBXFileReference; lastKnownFileType = sourcecode.swift; path = "UICollectionViewCell+Extensions.swift"; sourceTree = "<group>"; };
		8BEE19272A1CC4570006EEA0 /* UITableView+Extensions.swift */ = {isa = PBXFileReference; lastKnownFileType = sourcecode.swift; path = "UITableView+Extensions.swift"; sourceTree = "<group>"; };
		8BEE19292A1CCA780006EEA0 /* StockModel.swift */ = {isa = PBXFileReference; lastKnownFileType = sourcecode.swift; path = StockModel.swift; sourceTree = "<group>"; };
		8BEE192E2A1CD9200006EEA0 /* StockCVCell.swift */ = {isa = PBXFileReference; lastKnownFileType = sourcecode.swift; path = StockCVCell.swift; sourceTree = "<group>"; };
		8BF087792A1A3E42000F7846 /* OpenControl.app */ = {isa = PBXFileReference; explicitFileType = wrapper.application; includeInIndex = 0; path = OpenControl.app; sourceTree = BUILT_PRODUCTS_DIR; };
		8BF0877C2A1A3E42000F7846 /* AppDelegate.swift */ = {isa = PBXFileReference; lastKnownFileType = sourcecode.swift; path = AppDelegate.swift; sourceTree = "<group>"; };
		8BF0877E2A1A3E42000F7846 /* SceneDelegate.swift */ = {isa = PBXFileReference; lastKnownFileType = sourcecode.swift; path = SceneDelegate.swift; sourceTree = "<group>"; };
		8BF087852A1A3E43000F7846 /* Assets.xcassets */ = {isa = PBXFileReference; lastKnownFileType = folder.assetcatalog; path = Assets.xcassets; sourceTree = "<group>"; };
		8BF087882A1A3E43000F7846 /* Base */ = {isa = PBXFileReference; lastKnownFileType = file.storyboard; name = Base; path = Base.lproj/LaunchScreen.storyboard; sourceTree = "<group>"; };
		8BF0878A2A1A3E43000F7846 /* Info.plist */ = {isa = PBXFileReference; lastKnownFileType = text.plist.xml; path = Info.plist; sourceTree = "<group>"; };
		8BF0879B2A1A692B000F7846 /* URLSessionNetworkManager.swift */ = {isa = PBXFileReference; fileEncoding = 4; lastKnownFileType = sourcecode.swift; path = URLSessionNetworkManager.swift; sourceTree = "<group>"; };
		8BF0879C2A1A692B000F7846 /* NetworkManager.swift */ = {isa = PBXFileReference; fileEncoding = 4; lastKnownFileType = sourcecode.swift; path = NetworkManager.swift; sourceTree = "<group>"; };
		8BF087A02A1A692B000F7846 /* Endpoint.swift */ = {isa = PBXFileReference; fileEncoding = 4; lastKnownFileType = sourcecode.swift; path = Endpoint.swift; sourceTree = "<group>"; };
		8BF087A22A1A692B000F7846 /* NetworkEnums.swift */ = {isa = PBXFileReference; fileEncoding = 4; lastKnownFileType = sourcecode.swift; path = NetworkEnums.swift; sourceTree = "<group>"; };
		8BF087B62A1A6AE6000F7846 /* RegisterUserRequest.swift */ = {isa = PBXFileReference; lastKnownFileType = sourcecode.swift; path = RegisterUserRequest.swift; sourceTree = "<group>"; };
		8BF087B82A1A6C6B000F7846 /* AuthenticationUserResponse.swift */ = {isa = PBXFileReference; lastKnownFileType = sourcecode.swift; path = AuthenticationUserResponse.swift; sourceTree = "<group>"; };
		8BF087BA2A1A6DAF000F7846 /* AdminLoginRequest.swift */ = {isa = PBXFileReference; lastKnownFileType = sourcecode.swift; path = AdminLoginRequest.swift; sourceTree = "<group>"; };
		8BF087BC2A1A6E17000F7846 /* UserLoginRequest.swift */ = {isa = PBXFileReference; lastKnownFileType = sourcecode.swift; path = UserLoginRequest.swift; sourceTree = "<group>"; };
		8BF087C12A1A6F0E000F7846 /* ConsultationsRequest.swift */ = {isa = PBXFileReference; lastKnownFileType = sourcecode.swift; path = ConsultationsRequest.swift; sourceTree = "<group>"; };
		8BF087C32A1A6F48000F7846 /* ConsultationsResponse.swift */ = {isa = PBXFileReference; lastKnownFileType = sourcecode.swift; path = ConsultationsResponse.swift; sourceTree = "<group>"; };
		8BF087C52A1A6FC5000F7846 /* Consultation.swift */ = {isa = PBXFileReference; lastKnownFileType = sourcecode.swift; path = Consultation.swift; sourceTree = "<group>"; };
		8BF087C72A1A7142000F7846 /* BookSlotRequest.swift */ = {isa = PBXFileReference; lastKnownFileType = sourcecode.swift; path = BookSlotRequest.swift; sourceTree = "<group>"; };
		8BF087C92A1A71A5000F7846 /* CancelSlotBookingByAdminRequest.swift */ = {isa = PBXFileReference; lastKnownFileType = sourcecode.swift; path = CancelSlotBookingByAdminRequest.swift; sourceTree = "<group>"; };
		8BF087CB2A1A71CC000F7846 /* CancelSlotBookingByUserRequest.swift */ = {isa = PBXFileReference; lastKnownFileType = sourcecode.swift; path = CancelSlotBookingByUserRequest.swift; sourceTree = "<group>"; };
		8BF087CD2A1A7202000F7846 /* SlotsRequest.swift */ = {isa = PBXFileReference; lastKnownFileType = sourcecode.swift; path = SlotsRequest.swift; sourceTree = "<group>"; };
		8BF087CF2A1A7240000F7846 /* SlotsResponse.swift */ = {isa = PBXFileReference; lastKnownFileType = sourcecode.swift; path = SlotsResponse.swift; sourceTree = "<group>"; };
		8BF087D12A1A7260000F7846 /* ConsultationSlot.swift */ = {isa = PBXFileReference; lastKnownFileType = sourcecode.swift; path = ConsultationSlot.swift; sourceTree = "<group>"; };
/* End PBXFileReference section */

/* Begin PBXFrameworksBuildPhase section */
		8BF087762A1A3E42000F7846 /* Frameworks */ = {
			isa = PBXFrameworksBuildPhase;
			buildActionMask = 2147483647;
			files = (
				8B78C9B62A230A3300B6C977 /* FittedSheets in Frameworks */,
				8BEE19012A1CA99A0006EEA0 /* RswiftLibrary in Frameworks */,
				8BEE19072A1CAA340006EEA0 /* SnapKit in Frameworks */,
				8B78C8C62A1D1D8700B6C977 /* IQKeyboardManagerSwift in Frameworks */,
			);
			runOnlyForDeploymentPostprocessing = 0;
		};
/* End PBXFrameworksBuildPhase section */

/* Begin PBXGroup section */
		8B78C88D2A1CE15800B6C977 /* StockCVCell */ = {
			isa = PBXGroup;
			children = (
				8BEE19292A1CCA780006EEA0 /* StockModel.swift */,
				8BEE192E2A1CD9200006EEA0 /* StockCVCell.swift */,
			);
			path = StockCVCell;
			sourceTree = "<group>";
		};
		8B78C88E2A1CE19A00B6C977 /* AuthReg */ = {
			isa = PBXGroup;
			children = (
				8B78C89A2A1CE1E100B6C977 /* Model */,
				8B78C8992A1CE1DC00B6C977 /* View */,
				8B78C8982A1CE1D400B6C977 /* Presenter */,
				8B78C8972A1CE1CC00B6C977 /* Assembly */,
			);
			path = AuthReg;
			sourceTree = "<group>";
		};
		8B78C8972A1CE1CC00B6C977 /* Assembly */ = {
			isa = PBXGroup;
			children = (
				8B78C8912A1CE1C800B6C977 /* AuthRegAssembly.swift */,
			);
			path = Assembly;
			sourceTree = "<group>";
		};
		8B78C8982A1CE1D400B6C977 /* Presenter */ = {
			isa = PBXGroup;
			children = (
				8B78C88F2A1CE1C800B6C977 /* AuthRegPresenter.swift */,
				8B78C8B12A1CEEE100B6C977 /* AuthRegDataConverter.swift */,
			);
			path = Presenter;
			sourceTree = "<group>";
		};
		8B78C8992A1CE1DC00B6C977 /* View */ = {
			isa = PBXGroup;
			children = (
				8B78C8C12A1D0F1200B6C977 /* CVCells */,
				8B78C8B62A1D05B700B6C977 /* TVCells */,
				8B78C8902A1CE1C800B6C977 /* AuthRegViewController.swift */,
				8B78C8AB2A1CED4A00B6C977 /* AuthRegTableViewManager.swift */,
			);
			path = View;
			sourceTree = "<group>";
		};
		8B78C89A2A1CE1E100B6C977 /* Model */ = {
			isa = PBXGroup;
			children = (
				8B78C8922A1CE1C800B6C977 /* AuthRegModel.swift */,
				8B78C8AF2A1CEE6000B6C977 /* AuthRegViewModel.swift */,
				8B78C8E32A1E25DA00B6C977 /* AuthRegData.swift */,
			);
			path = Model;
			sourceTree = "<group>";
		};
		8B78C89C2A1CE8BF00B6C977 /* TextFieldTVCell */ = {
			isa = PBXGroup;
			children = (
				8B78C89E2A1CE8E700B6C977 /* TextFieldTVCell.swift */,
			);
			path = TextFieldTVCell;
			sourceTree = "<group>";
		};
		8B78C8A22A1CEBF600B6C977 /* Configurator */ = {
			isa = PBXGroup;
			children = (
				8B78C8A32A1CEBF600B6C977 /* CellConfigurator.swift */,
				8B78C8A42A1CEBF600B6C977 /* Configurable.swift */,
				8B78C8A52A1CEBF600B6C977 /* CollectionCellConfigurator.swift */,
				8B78C8A92A1CEC4000B6C977 /* TableCellConfigurator.swift */,
			);
			path = Configurator;
			sourceTree = "<group>";
		};
		8B78C8B62A1D05B700B6C977 /* TVCells */ = {
			isa = PBXGroup;
			children = (
				8B78C8B82A1D05C600B6C977 /* ButtonTVCell.swift */,
				8B78C8BA2A1D06FB00B6C977 /* ForgotPasswordTVCell.swift */,
				8B78C8BE2A1D0C1500B6C977 /* SocialsTVCell.swift */,
				8B78C8C82A1D22C200B6C977 /* SegmentedControllTVCell.swift */,
				8B78C8CB2A1D235200B6C977 /* LogoTVCell.swift */,
				8B78C8D12A1D32BD00B6C977 /* PassRulesTVCell.swift */,
				8B78C8D42A1D348400B6C977 /* CheckBoxTVCell.swift */,
			);
			path = TVCells;
			sourceTree = "<group>";
		};
		8B78C8C12A1D0F1200B6C977 /* CVCells */ = {
			isa = PBXGroup;
			children = (
				8B78C8C22A1D0F2000B6C977 /* IconCVCell.swift */,
			);
			path = CVCells;
			sourceTree = "<group>";
		};
		8B78C8CD2A1D275800B6C977 /* Constants */ = {
			isa = PBXGroup;
			children = (
				8B78C8CE2A1D276900B6C977 /* Constants.swift */,
			);
			path = Constants;
			sourceTree = "<group>";
		};
		8B78C8DC2A1D605800B6C977 /* Helpers */ = {
			isa = PBXGroup;
			children = (
				8B78C8DD2A1D606100B6C977 /* Validator.swift */,
				8B78C8E02A1E251100B6C977 /* ErrorPresentable.swift */,
			);
			path = Helpers;
			sourceTree = "<group>";
		};
		8B78C8E52A1E2C1D00B6C977 /* TabBar */ = {
			isa = PBXGroup;
			children = (
				8B78C8F22A1E2C9300B6C977 /* Model */,
				8B78C8F12A1E2C8E00B6C977 /* View */,
				8B78C8F02A1E2C8800B6C977 /* Presenter */,
				8B78C8EF2A1E2C7F00B6C977 /* Assembly */,
			);
			path = TabBar;
			sourceTree = "<group>";
		};
		8B78C8EF2A1E2C7F00B6C977 /* Assembly */ = {
			isa = PBXGroup;
			children = (
				8B78C8E82A1E2C5100B6C977 /* TabBarAssembly.swift */,
			);
			path = Assembly;
			sourceTree = "<group>";
		};
		8B78C8F02A1E2C8800B6C977 /* Presenter */ = {
			isa = PBXGroup;
			children = (
				8B78C8E62A1E2C5100B6C977 /* TabBarPresenter.swift */,
			);
			path = Presenter;
			sourceTree = "<group>";
		};
		8B78C8F12A1E2C8E00B6C977 /* View */ = {
			isa = PBXGroup;
			children = (
				8B78C8E72A1E2C5100B6C977 /* TabBarController.swift */,
			);
			path = View;
			sourceTree = "<group>";
		};
		8B78C8F22A1E2C9300B6C977 /* Model */ = {
			isa = PBXGroup;
			children = (
				8B78C8E92A1E2C5100B6C977 /* TabBarModel.swift */,
			);
			path = Model;
			sourceTree = "<group>";
		};
		8B78C8F42A1E489900B6C977 /* Fonts */ = {
			isa = PBXGroup;
			children = (
				8B78C8F62A1E48B000B6C977 /* Inter-Black.otf */,
				8B78C8FC2A1E48B000B6C977 /* Inter-BlackItalic.otf */,
				8B78C8FE2A1E48B000B6C977 /* Inter-Bold.otf */,
				8B78C9012A1E48B000B6C977 /* Inter-BoldItalic.otf */,
				8B78C9002A1E48B000B6C977 /* Inter-ExtraBold.otf */,
				8B78C9042A1E48B000B6C977 /* Inter-ExtraBoldItalic.otf */,
				8B78C8F72A1E48B000B6C977 /* Inter-ExtraLight.otf */,
				8B78C8F92A1E48B000B6C977 /* Inter-ExtraLightItalic.otf */,
				8B78C8FA2A1E48B000B6C977 /* Inter-Italic.otf */,
				8B78C8FD2A1E48B000B6C977 /* Inter-Light.otf */,
				8B78C9032A1E48B000B6C977 /* Inter-LightItalic.otf */,
				8B78C8F82A1E48B000B6C977 /* Inter-Medium.otf */,
				8B78C9082A1E48B100B6C977 /* Inter-MediumItalic.otf */,
				8B78C9072A1E48B100B6C977 /* Inter-Regular.otf */,
				8B78C9022A1E48B000B6C977 /* Inter-SemiBold.otf */,
				8B78C9052A1E48B100B6C977 /* Inter-SemiBoldItalic.otf */,
				8B78C8FB2A1E48B000B6C977 /* Inter-Thin.otf */,
				8B78C8FF2A1E48B000B6C977 /* Inter-ThinItalic.otf */,
			);
			path = Fonts;
			sourceTree = "<group>";
		};
		8B78C91F2A1E4E8400B6C977 /* Main */ = {
			isa = PBXGroup;
			children = (
				8B78C92E2A1F48CE00B6C977 /* Model */,
				8B78C92D2A1F48C700B6C977 /* View */,
				8B78C92C2A1F48C100B6C977 /* Presenter */,
				8B78C92B2A1F48B600B6C977 /* Assembly */,
			);
			path = Main;
			sourceTree = "<group>";
		};
		8B78C9202A1E4E9500B6C977 /* Screens */ = {
			isa = PBXGroup;
			children = (
				8B78C95B2A20A6DC00B6C977 /* Consultation */,
				8B78C9372A1F676E00B6C977 /* ChatBot */,
				8B78C91F2A1E4E8400B6C977 /* Main */,
				8B78C88E2A1CE19A00B6C977 /* AuthReg */,
				8BEE19082A1CAA580006EEA0 /* Start */,
				8B78C8E52A1E2C1D00B6C977 /* TabBar */,
				8BF087932A1A3F02000F7846 /* Launch */,
			);
			path = Screens;
			sourceTree = "<group>";
		};
		8B78C92B2A1F48B600B6C977 /* Assembly */ = {
			isa = PBXGroup;
			children = (
				8B78C9252A1F489C00B6C977 /* MainAssembly.swift */,
			);
			path = Assembly;
			sourceTree = "<group>";
		};
		8B78C92C2A1F48C100B6C977 /* Presenter */ = {
			isa = PBXGroup;
			children = (
				8B78C9232A1F489C00B6C977 /* MainPresenter.swift */,
			);
			path = Presenter;
			sourceTree = "<group>";
		};
		8B78C92D2A1F48C700B6C977 /* View */ = {
			isa = PBXGroup;
			children = (
				8B78C9332A1F53FD00B6C977 /* NavBar */,
				8B78C92F2A1F4EA500B6C977 /* Headers */,
				8B78C9242A1F489C00B6C977 /* MainViewController.swift */,
			);
			path = View;
			sourceTree = "<group>";
		};
		8B78C92E2A1F48CE00B6C977 /* Model */ = {
			isa = PBXGroup;
			children = (
				8B78C9262A1F489C00B6C977 /* MainModel.swift */,
			);
			path = Model;
			sourceTree = "<group>";
		};
		8B78C92F2A1F4EA500B6C977 /* Headers */ = {
			isa = PBXGroup;
			children = (
				8B78C9302A1F4EB200B6C977 /* MainHeaderView.swift */,
			);
			path = Headers;
			sourceTree = "<group>";
		};
		8B78C9332A1F53FD00B6C977 /* NavBar */ = {
			isa = PBXGroup;
			children = (
				8B78C9342A1F540A00B6C977 /* MainNavBarView.swift */,
			);
			path = NavBar;
			sourceTree = "<group>";
		};
		8B78C9372A1F676E00B6C977 /* ChatBot */ = {
			isa = PBXGroup;
			children = (
				8B78C9442A1F67F900B6C977 /* Model */,
				8B78C9432A1F67F400B6C977 /* View */,
				8B78C9422A1F67ED00B6C977 /* Presenter */,
				8B78C9412A1F67E600B6C977 /* Assembly */,
			);
			path = ChatBot;
			sourceTree = "<group>";
		};
		8B78C9412A1F67E600B6C977 /* Assembly */ = {
			isa = PBXGroup;
			children = (
				8B78C93A2A1F67E100B6C977 /* ChatBotAssembly.swift */,
			);
			path = Assembly;
			sourceTree = "<group>";
		};
		8B78C9422A1F67ED00B6C977 /* Presenter */ = {
			isa = PBXGroup;
			children = (
				8B78C9382A1F67E100B6C977 /* ChatBotPresenter.swift */,
			);
			path = Presenter;
			sourceTree = "<group>";
		};
		8B78C9432A1F67F400B6C977 /* View */ = {
			isa = PBXGroup;
			children = (
				8B78C9552A1F87BA00B6C977 /* MessageInput */,
				8B78C9452A1F6AE200B6C977 /* TVCells */,
				8B78C9392A1F67E100B6C977 /* ChatBotViewController.swift */,
			);
			path = View;
			sourceTree = "<group>";
		};
		8B78C9442A1F67F900B6C977 /* Model */ = {
			isa = PBXGroup;
			children = (
				8B78C93B2A1F67E100B6C977 /* ChatBotModel.swift */,
			);
			path = Model;
			sourceTree = "<group>";
		};
		8B78C9452A1F6AE200B6C977 /* TVCells */ = {
			isa = PBXGroup;
			children = (
				8B78C9462A1F6AE200B6C977 /* LeftMessages */,
				8B78C9492A1F6AE200B6C977 /* RightMessages */,
				8B78C94C2A1F6AE200B6C977 /* MessageBubbleCell.swift */,
			);
			path = TVCells;
			sourceTree = "<group>";
		};
		8B78C9462A1F6AE200B6C977 /* LeftMessages */ = {
			isa = PBXGroup;
			children = (
				8B78C9482A1F6AE200B6C977 /* LeftMessageCell.swift */,
			);
			path = LeftMessages;
			sourceTree = "<group>";
		};
		8B78C9492A1F6AE200B6C977 /* RightMessages */ = {
			isa = PBXGroup;
			children = (
				8B78C94A2A1F6AE200B6C977 /* RightMessageCell.swift */,
			);
			path = RightMessages;
			sourceTree = "<group>";
		};
		8B78C9552A1F87BA00B6C977 /* MessageInput */ = {
			isa = PBXGroup;
			children = (
				8B78C9562A1F87D000B6C977 /* MessageInputView.swift */,
			);
			path = MessageInput;
			sourceTree = "<group>";
		};
		8B78C95B2A20A6DC00B6C977 /* Consultation */ = {
			isa = PBXGroup;
			children = (
				8B78C9692A20CF0600B6C977 /* Model */,
				8B78C9682A20CF0100B6C977 /* View */,
				8B78C9672A20CEFC00B6C977 /* Presenter */,
				8B78C9662A20CEF600B6C977 /* Assembly */,
			);
			path = Consultation;
			sourceTree = "<group>";
		};
		8B78C9662A20CEF600B6C977 /* Assembly */ = {
			isa = PBXGroup;
			children = (
				8B78C95F2A20CEF100B6C977 /* ConsultationAssembly.swift */,
			);
			path = Assembly;
			sourceTree = "<group>";
		};
		8B78C9672A20CEFC00B6C977 /* Presenter */ = {
			isa = PBXGroup;
			children = (
				8B78C95D2A20CEF100B6C977 /* ConsultationPresenter.swift */,
			);
			path = Presenter;
			sourceTree = "<group>";
		};
		8B78C9682A20CF0100B6C977 /* View */ = {
			isa = PBXGroup;
			children = (
				8B78C9E42A23823700B6C977 /* ThankYou */,
				8B78C9C02A23214C00B6C977 /* Header */,
				8B78C99C2A20DD9700B6C977 /* DropDownControl */,
				8B78C95E2A20CEF100B6C977 /* ConsultationViewController.swift */,
			);
			path = View;
			sourceTree = "<group>";
		};
		8B78C9692A20CF0600B6C977 /* Model */ = {
			isa = PBXGroup;
			children = (
				8B78C9602A20CEF100B6C977 /* ConsultationModel.swift */,
			);
			path = Model;
			sourceTree = "<group>";
		};
		8B78C99C2A20DD9700B6C977 /* DropDownControl */ = {
			isa = PBXGroup;
			children = (
				8B78C99F2A20FAF000B6C977 /* TVCells */,
				8B78C99D2A20DDAD00B6C977 /* DropDownControl.swift */,
			);
			path = DropDownControl;
			sourceTree = "<group>";
		};
		8B78C99F2A20FAF000B6C977 /* TVCells */ = {
			isa = PBXGroup;
			children = (
				8B78C9A02A20FB0B00B6C977 /* DropDownTVCell.swift */,
			);
			path = TVCells;
			sourceTree = "<group>";
		};
		8B78C9A32A2234BF00B6C977 /* CalendarPicker */ = {
			isa = PBXGroup;
			children = (
				8B78C9BB2A23185C00B6C977 /* CVCells */,
				8B78C9AD2A22353200B6C977 /* Models */,
				8B78C9BE2A23187B00B6C977 /* CollectionViewTimeLayout.swift */,
				8B78C9A42A2234BF00B6C977 /* CalendarPickerFooterView.swift */,
				8B78C9A52A2234BF00B6C977 /* CalendarPickerViewController.swift */,
				8B78C9A72A2234BF00B6C977 /* CalendarPickerHeaderView.swift */,
			);
			path = CalendarPicker;
			sourceTree = "<group>";
		};
		8B78C9AD2A22353200B6C977 /* Models */ = {
			isa = PBXGroup;
			children = (
				8B78C9AE2A22353200B6C977 /* ChecklistItem.swift */,
				8B78C9AF2A22353200B6C977 /* Day.swift */,
				8B78C9B02A22353200B6C977 /* MonthMetadata.swift */,
			);
			path = Models;
			sourceTree = "<group>";
		};
		8B78C9BB2A23185C00B6C977 /* CVCells */ = {
			isa = PBXGroup;
			children = (
				8B78C9A62A2234BF00B6C977 /* CalendarDateCollectionViewCell.swift */,
				8B78C9BC2A23186F00B6C977 /* TimeCell.swift */,
			);
			path = CVCells;
			sourceTree = "<group>";
		};
		8B78C9C02A23214C00B6C977 /* Header */ = {
			isa = PBXGroup;
			children = (
				8B78C9C22A23216100B6C977 /* ConsultationHeaderView.swift */,
			);
			path = Header;
			sourceTree = "<group>";
		};
		8B78C9C72A232A8400B6C977 /* Service */ = {
			isa = PBXGroup;
			children = (
				8B78C9CE2A2348C100B6C977 /* UserDefaults */,
				8B78C9C82A232A9100B6C977 /* Auth */,
				8B78C9D62A234F9900B6C977 /* Consultation */,
			);
			path = Service;
			sourceTree = "<group>";
		};
		8B78C9C82A232A9100B6C977 /* Auth */ = {
			isa = PBXGroup;
			children = (
				8B78C9C92A232A9900B6C977 /* AuthService.swift */,
			);
			path = Auth;
			sourceTree = "<group>";
		};
		8B78C9CE2A2348C100B6C977 /* UserDefaults */ = {
			isa = PBXGroup;
			children = (
				8B78C9CF2A2348CF00B6C977 /* UserDefaultsService.swift */,
			);
			path = UserDefaults;
			sourceTree = "<group>";
		};
		8B78C9D62A234F9900B6C977 /* Consultation */ = {
			isa = PBXGroup;
			children = (
				8B78C9D72A234FAC00B6C977 /* ConsultationService.swift */,
			);
			path = Consultation;
			sourceTree = "<group>";
		};
		8B78C9E42A23823700B6C977 /* ThankYou */ = {
			isa = PBXGroup;
			children = (
				8B78C9E52A23824E00B6C977 /* ThankYouViewController.swift */,
			);
			path = ThankYou;
			sourceTree = "<group>";
		};
		8BEE19082A1CAA580006EEA0 /* Start */ = {
			isa = PBXGroup;
			children = (
				8BEE19142A1CAB450006EEA0 /* Model */,
				8BEE19132A1CAB3F0006EEA0 /* View */,
				8BEE19122A1CAB390006EEA0 /* Presenter */,
				8BEE19112A1CAB300006EEA0 /* Assembly */,
			);
			path = Start;
			sourceTree = "<group>";
		};
		8BEE19112A1CAB300006EEA0 /* Assembly */ = {
			isa = PBXGroup;
			children = (
				8BEE190B2A1CAB280006EEA0 /* StartAssembly.swift */,
			);
			path = Assembly;
			sourceTree = "<group>";
		};
		8BEE19122A1CAB390006EEA0 /* Presenter */ = {
			isa = PBXGroup;
			children = (
				8BEE19092A1CAB280006EEA0 /* StartPresenter.swift */,
			);
			path = Presenter;
			sourceTree = "<group>";
		};
		8BEE19132A1CAB3F0006EEA0 /* View */ = {
			isa = PBXGroup;
			children = (
				8BEE190A2A1CAB280006EEA0 /* StartViewController.swift */,
			);
			path = View;
			sourceTree = "<group>";
		};
		8BEE19142A1CAB450006EEA0 /* Model */ = {
			isa = PBXGroup;
			children = (
				8BEE190C2A1CAB280006EEA0 /* StartModel.swift */,
			);
			path = Model;
			sourceTree = "<group>";
		};
		8BEE19152A1CAC6E0006EEA0 /* Shared */ = {
			isa = PBXGroup;
			children = (
				8B78C8A22A1CEBF600B6C977 /* Configurator */,
				8B78C89C2A1CE8BF00B6C977 /* TextFieldTVCell */,
				8B78C88D2A1CE15800B6C977 /* StockCVCell */,
				8BEE19162A1CAC750006EEA0 /* Logo */,
				8B78C9A32A2234BF00B6C977 /* CalendarPicker */,
				8B78C8B32A1CFBE900B6C977 /* OCTextField.swift */,
				8B78C9B82A23167700B6C977 /* OCButton.swift */,
			);
			path = Shared;
			sourceTree = "<group>";
		};
		8BEE19162A1CAC750006EEA0 /* Logo */ = {
			isa = PBXGroup;
			children = (
				8BEE19172A1CAC820006EEA0 /* LogoView.swift */,
			);
			path = Logo;
			sourceTree = "<group>";
		};
		8BEE191A2A1CAEFD0006EEA0 /* Shared */ = {
			isa = PBXGroup;
			children = (
				8B78C8DC2A1D605800B6C977 /* Helpers */,
				8B78C8CD2A1D275800B6C977 /* Constants */,
				8BEE191B2A1CAF030006EEA0 /* Extensions */,
			);
			path = Shared;
			sourceTree = "<group>";
		};
		8BEE191B2A1CAF030006EEA0 /* Extensions */ = {
			isa = PBXGroup;
			children = (
				8B78C8AD2A1CEE2700B6C977 /* Collection+Helpers.swift */,
				8BEE191C2A1CAF230006EEA0 /* UILabel+Extensions.swift */,
				8BEE191F2A1CB2820006EEA0 /* UIView+Extensions.swift */,
				8BEE19252A1CC4430006EEA0 /* UICollectionViewCell+Extensions.swift */,
				8BEE19272A1CC4570006EEA0 /* UITableView+Extensions.swift */,
				8B78C8D62A1D445C00B6C977 /* UITextField+Extension.swift */,
				8B78C8D92A1D4AFB00B6C977 /* UITapGestureRecognizer+Extensions.swift */,
				8B78C91C2A1E4CAD00B6C977 /* UIFont+Extensions.swift */,
				8B78C9522A1F7C8E00B6C977 /* UIViewController+Extension.swift */,
				8B78C9CB2A2346CD00B6C977 /* UIViewController+Extensions.swift */,
			);
			path = Extensions;
			sourceTree = "<group>";
		};
		8BF087702A1A3E42000F7846 = {
			isa = PBXGroup;
			children = (
				8BF0877B2A1A3E42000F7846 /* OpenControl */,
				8BF0877A2A1A3E42000F7846 /* Products */,
			);
			sourceTree = "<group>";
		};
		8BF0877A2A1A3E42000F7846 /* Products */ = {
			isa = PBXGroup;
			children = (
				8BF087792A1A3E42000F7846 /* OpenControl.app */,
			);
			name = Products;
			sourceTree = "<group>";
		};
		8BF0877B2A1A3E42000F7846 /* OpenControl */ = {
			isa = PBXGroup;
			children = (
				8BEE191A2A1CAEFD0006EEA0 /* Shared */,
				8BF087922A1A3EF5000F7846 /* Application */,
				8BF087982A1A6880000F7846 /* Core */,
				8B78C9C72A232A8400B6C977 /* Service */,
				8BF087912A1A3EEC000F7846 /* Presentation */,
				8BF087902A1A3ED9000F7846 /* Resources */,
			);
			path = OpenControl;
			sourceTree = "<group>";
		};
		8BF087902A1A3ED9000F7846 /* Resources */ = {
			isa = PBXGroup;
			children = (
				8B78C8F42A1E489900B6C977 /* Fonts */,
				8BF087852A1A3E43000F7846 /* Assets.xcassets */,
				8BF0878A2A1A3E43000F7846 /* Info.plist */,
			);
			path = Resources;
			sourceTree = "<group>";
		};
		8BF087912A1A3EEC000F7846 /* Presentation */ = {
			isa = PBXGroup;
			children = (
				8BEE19152A1CAC6E0006EEA0 /* Shared */,
				8B78C9202A1E4E9500B6C977 /* Screens */,
			);
			path = Presentation;
			sourceTree = "<group>";
		};
		8BF087922A1A3EF5000F7846 /* Application */ = {
			isa = PBXGroup;
			children = (
				8BF0877C2A1A3E42000F7846 /* AppDelegate.swift */,
				8BF0877E2A1A3E42000F7846 /* SceneDelegate.swift */,
			);
			path = Application;
			sourceTree = "<group>";
		};
		8BF087932A1A3F02000F7846 /* Launch */ = {
			isa = PBXGroup;
			children = (
				8BF087872A1A3E43000F7846 /* LaunchScreen.storyboard */,
			);
			path = Launch;
			sourceTree = "<group>";
		};
		8BF087982A1A6880000F7846 /* Core */ = {
			isa = PBXGroup;
			children = (
				8BF087992A1A688C000F7846 /* Network */,
			);
			path = Core;
			sourceTree = "<group>";
		};
		8BF087992A1A688C000F7846 /* Network */ = {
			isa = PBXGroup;
			children = (
				8BF087A32A1A692B000F7846 /* DTO */,
				8BF0879A2A1A692B000F7846 /* NetworkManager */,
			);
			path = Network;
			sourceTree = "<group>";
		};
		8BF0879A2A1A692B000F7846 /* NetworkManager */ = {
			isa = PBXGroup;
			children = (
				8BF0879B2A1A692B000F7846 /* URLSessionNetworkManager.swift */,
				8BF0879C2A1A692B000F7846 /* NetworkManager.swift */,
				8BF0879D2A1A692B000F7846 /* Endpoints */,
				8BF087A12A1A692B000F7846 /* Helpers */,
			);
			path = NetworkManager;
			sourceTree = "<group>";
		};
		8BF0879D2A1A692B000F7846 /* Endpoints */ = {
			isa = PBXGroup;
			children = (
				8BF087A02A1A692B000F7846 /* Endpoint.swift */,
				8B78C9C42A23257D00B6C977 /* OpenControlEndpoint.swift */,
			);
			path = Endpoints;
			sourceTree = "<group>";
		};
		8BF087A12A1A692B000F7846 /* Helpers */ = {
			isa = PBXGroup;
			children = (
				8BF087A22A1A692B000F7846 /* NetworkEnums.swift */,
			);
			path = Helpers;
			sourceTree = "<group>";
		};
		8BF087A32A1A692B000F7846 /* DTO */ = {
			isa = PBXGroup;
			children = (
				8BF087C02A1A6EE3000F7846 /* Consultation */,
				8BF087A42A1A692B000F7846 /* Auth */,
			);
			path = DTO;
			sourceTree = "<group>";
		};
		8BF087A42A1A692B000F7846 /* Auth */ = {
			isa = PBXGroup;
			children = (
				8BF087BF2A1A6E62000F7846 /* Responses */,
				8BF087BE2A1A6E5A000F7846 /* Requests */,
			);
			path = Auth;
			sourceTree = "<group>";
		};
		8BF087BE2A1A6E5A000F7846 /* Requests */ = {
			isa = PBXGroup;
			children = (
				8BF087B62A1A6AE6000F7846 /* RegisterUserRequest.swift */,
				8BF087BA2A1A6DAF000F7846 /* AdminLoginRequest.swift */,
				8BF087BC2A1A6E17000F7846 /* UserLoginRequest.swift */,
			);
			path = Requests;
			sourceTree = "<group>";
		};
		8BF087BF2A1A6E62000F7846 /* Responses */ = {
			isa = PBXGroup;
			children = (
				8BF087B82A1A6C6B000F7846 /* AuthenticationUserResponse.swift */,
				8B78C9D32A234CD700B6C977 /* RegisterUserResponse.swift */,
			);
			path = Responses;
			sourceTree = "<group>";
		};
		8BF087C02A1A6EE3000F7846 /* Consultation */ = {
			isa = PBXGroup;
			children = (
				8BF087D42A1A737D000F7846 /* Responses */,
				8BF087D32A1A7374000F7846 /* Requests */,
				8BF087C52A1A6FC5000F7846 /* Consultation.swift */,
				8BF087D12A1A7260000F7846 /* ConsultationSlot.swift */,
				8B78C9DA2A2352B600B6C977 /* Department.swift */,
				8B78C9DC2A23536D00B6C977 /* SubDepartment.swift */,
				8B78C9DF2A23543000B6C977 /* ConsultationTopic.swift */,
			);
			path = Consultation;
			sourceTree = "<group>";
		};
		8BF087D32A1A7374000F7846 /* Requests */ = {
			isa = PBXGroup;
			children = (
				8BF087C12A1A6F0E000F7846 /* ConsultationsRequest.swift */,
				8BF087C72A1A7142000F7846 /* BookSlotRequest.swift */,
				8BF087C92A1A71A5000F7846 /* CancelSlotBookingByAdminRequest.swift */,
				8BF087CB2A1A71CC000F7846 /* CancelSlotBookingByUserRequest.swift */,
				8BF087CD2A1A7202000F7846 /* SlotsRequest.swift */,
			);
			path = Requests;
			sourceTree = "<group>";
		};
		8BF087D42A1A737D000F7846 /* Responses */ = {
			isa = PBXGroup;
			children = (
				8BF087C32A1A6F48000F7846 /* ConsultationsResponse.swift */,
				8BF087CF2A1A7240000F7846 /* SlotsResponse.swift */,
			);
			path = Responses;
			sourceTree = "<group>";
		};
/* End PBXGroup section */

/* Begin PBXNativeTarget section */
		8BF087782A1A3E42000F7846 /* OpenControl */ = {
			isa = PBXNativeTarget;
			buildConfigurationList = 8BF0878D2A1A3E43000F7846 /* Build configuration list for PBXNativeTarget "OpenControl" */;
			buildPhases = (
				8BF087752A1A3E42000F7846 /* Sources */,
				8BF087762A1A3E42000F7846 /* Frameworks */,
				8BF087772A1A3E42000F7846 /* Resources */,
			);
			buildRules = (
			);
			dependencies = (
				8BEE19032A1CA9AC0006EEA0 /* PBXTargetDependency */,
			);
			name = OpenControl;
			packageProductDependencies = (
				8BEE19002A1CA99A0006EEA0 /* RswiftLibrary */,
				8BEE19062A1CAA340006EEA0 /* SnapKit */,
				8B78C8C52A1D1D8700B6C977 /* IQKeyboardManagerSwift */,
				8B78C9B52A230A3300B6C977 /* FittedSheets */,
			);
			productName = OpenControl;
			productReference = 8BF087792A1A3E42000F7846 /* OpenControl.app */;
			productType = "com.apple.product-type.application";
		};
/* End PBXNativeTarget section */

/* Begin PBXProject section */
		8BF087712A1A3E42000F7846 /* Project object */ = {
			isa = PBXProject;
			attributes = {
				BuildIndependentTargetsInParallel = 1;
				LastSwiftUpdateCheck = 1420;
				LastUpgradeCheck = 1420;
				TargetAttributes = {
					8BF087782A1A3E42000F7846 = {
						CreatedOnToolsVersion = 14.2;
					};
				};
			};
			buildConfigurationList = 8BF087742A1A3E42000F7846 /* Build configuration list for PBXProject "OpenControl" */;
			compatibilityVersion = "Xcode 14.0";
			developmentRegion = en;
			hasScannedForEncodings = 0;
			knownRegions = (
				en,
				Base,
			);
			mainGroup = 8BF087702A1A3E42000F7846;
			packageReferences = (
				8BEE18FF2A1CA99A0006EEA0 /* XCRemoteSwiftPackageReference "R.swift" */,
				8BEE19052A1CAA340006EEA0 /* XCRemoteSwiftPackageReference "SnapKit" */,
				8B78C8C42A1D1D8700B6C977 /* XCRemoteSwiftPackageReference "IQKeyboardManager" */,
				8B78C9B42A230A3300B6C977 /* XCRemoteSwiftPackageReference "FittedSheets" */,
			);
			productRefGroup = 8BF0877A2A1A3E42000F7846 /* Products */;
			projectDirPath = "";
			projectRoot = "";
			targets = (
				8BF087782A1A3E42000F7846 /* OpenControl */,
			);
		};
/* End PBXProject section */

/* Begin PBXResourcesBuildPhase section */
		8BF087772A1A3E42000F7846 /* Resources */ = {
			isa = PBXResourcesBuildPhase;
			buildActionMask = 2147483647;
			files = (
				8B78C9192A1E492B00B6C977 /* Inter-Thin.otf in Resources */,
				8BF087892A1A3E43000F7846 /* LaunchScreen.storyboard in Resources */,
				8B78C9152A1E492000B6C977 /* Inter-MediumItalic.otf in Resources */,
				8B78C9172A1E492600B6C977 /* Inter-SemiBold.otf in Resources */,
				8B78C9122A1E491700B6C977 /* Inter-Light.otf in Resources */,
				8B78C90C2A1E490500B6C977 /* Inter-BoldItalic.otf in Resources */,
				8B78C90E2A1E490B00B6C977 /* Inter-ExtraBoldItalic.otf in Resources */,
				8B78C91A2A1E492E00B6C977 /* Inter-ThinItalic.otf in Resources */,
				8B78C90F2A1E490E00B6C977 /* Inter-ExtraLight.otf in Resources */,
				8B78C90B2A1E490200B6C977 /* Inter-Bold.otf in Resources */,
				8B78C9092A1E48F800B6C977 /* Inter-Black.otf in Resources */,
				8B78C9142A1E491C00B6C977 /* Inter-Medium.otf in Resources */,
				8B78C9162A1E492400B6C977 /* Inter-Regular.otf in Resources */,
				8B78C9182A1E492900B6C977 /* Inter-SemiBoldItalic.otf in Resources */,
				8B78C90A2A1E48FF00B6C977 /* Inter-BlackItalic.otf in Resources */,
				8BF087862A1A3E43000F7846 /* Assets.xcassets in Resources */,
				8B78C9132A1E491A00B6C977 /* Inter-LightItalic.otf in Resources */,
				8B78C9102A1E491200B6C977 /* Inter-ExtraLightItalic.otf in Resources */,
				8B78C9112A1E491500B6C977 /* Inter-Italic.otf in Resources */,
				8B78C90D2A1E490800B6C977 /* Inter-ExtraBold.otf in Resources */,
			);
			runOnlyForDeploymentPostprocessing = 0;
		};
/* End PBXResourcesBuildPhase section */

/* Begin PBXSourcesBuildPhase section */
		8BF087752A1A3E42000F7846 /* Sources */ = {
			isa = PBXSourcesBuildPhase;
			buildActionMask = 2147483647;
			files = (
				8B78C9D42A234CD700B6C977 /* RegisterUserResponse.swift in Sources */,
				8BF087C62A1A6FC5000F7846 /* Consultation.swift in Sources */,
				8B78C89F2A1CE8E700B6C977 /* TextFieldTVCell.swift in Sources */,
				8B78C91D2A1E4CAD00B6C977 /* UIFont+Extensions.swift in Sources */,
				8BEE192F2A1CD9200006EEA0 /* StockCVCell.swift in Sources */,
				8B78C9BF2A23187B00B6C977 /* CollectionViewTimeLayout.swift in Sources */,
				8B78C9B12A22353200B6C977 /* ChecklistItem.swift in Sources */,
				8B78C8962A1CE1C800B6C977 /* AuthRegModel.swift in Sources */,
				8BF087BD2A1A6E17000F7846 /* UserLoginRequest.swift in Sources */,
				8B78C9CA2A232A9900B6C977 /* AuthService.swift in Sources */,
				8BF087D22A1A7260000F7846 /* ConsultationSlot.swift in Sources */,
				8B78C8CF2A1D276900B6C977 /* Constants.swift in Sources */,
				8B78C8EB2A1E2C5100B6C977 /* TabBarController.swift in Sources */,
				8B78C8B92A1D05C600B6C977 /* ButtonTVCell.swift in Sources */,
				8B78C9352A1F540A00B6C977 /* MainNavBarView.swift in Sources */,
				8B78C9572A1F87D000B6C977 /* MessageInputView.swift in Sources */,
				8B78C8E42A1E25DA00B6C977 /* AuthRegData.swift in Sources */,
				8B78C9AB2A2234BF00B6C977 /* CalendarPickerHeaderView.swift in Sources */,
				8B78C9B32A22353200B6C977 /* MonthMetadata.swift in Sources */,
				8BF087D02A1A7240000F7846 /* SlotsResponse.swift in Sources */,
				8B78C8942A1CE1C800B6C977 /* AuthRegViewController.swift in Sources */,
				8BF087AB2A1A692B000F7846 /* Endpoint.swift in Sources */,
				8BEE190D2A1CAB280006EEA0 /* StartPresenter.swift in Sources */,
				8BF087BB2A1A6DAF000F7846 /* AdminLoginRequest.swift in Sources */,
				8B78C9E62A23824E00B6C977 /* ThankYouViewController.swift in Sources */,
				8BEE192A2A1CCA780006EEA0 /* StockModel.swift in Sources */,
				8B78C8A62A1CEBF600B6C977 /* CellConfigurator.swift in Sources */,
				8BF087A82A1A692B000F7846 /* URLSessionNetworkManager.swift in Sources */,
				8BEE19202A1CB2820006EEA0 /* UIView+Extensions.swift in Sources */,
				8BEE19262A1CC4430006EEA0 /* UICollectionViewCell+Extensions.swift in Sources */,
				8B78C8EA2A1E2C5100B6C977 /* TabBarPresenter.swift in Sources */,
				8BF087A92A1A692B000F7846 /* NetworkManager.swift in Sources */,
				8B78C93C2A1F67E100B6C977 /* ChatBotPresenter.swift in Sources */,
				8B78C9A92A2234BF00B6C977 /* CalendarPickerViewController.swift in Sources */,
				8B78C9622A20CEF100B6C977 /* ConsultationViewController.swift in Sources */,
				8B78C9C52A23257D00B6C977 /* OpenControlEndpoint.swift in Sources */,
				8B78C8A72A1CEBF600B6C977 /* Configurable.swift in Sources */,
				8BF087C42A1A6F48000F7846 /* ConsultationsResponse.swift in Sources */,
				8B78C9632A20CEF100B6C977 /* ConsultationAssembly.swift in Sources */,
				8B78C8E12A1E251100B6C977 /* ErrorPresentable.swift in Sources */,
				8B78C9DD2A23536D00B6C977 /* SubDepartment.swift in Sources */,
				8B78C8AE2A1CEE2700B6C977 /* Collection+Helpers.swift in Sources */,
				8B78C92A2A1F489C00B6C977 /* MainModel.swift in Sources */,
				8B78C94F2A1F6AE200B6C977 /* RightMessageCell.swift in Sources */,
				8BEE190F2A1CAB280006EEA0 /* StartAssembly.swift in Sources */,
				8B78C8C32A1D0F2000B6C977 /* IconCVCell.swift in Sources */,
				8B78C8B22A1CEEE100B6C977 /* AuthRegDataConverter.swift in Sources */,
				8B78C8C92A1D22C200B6C977 /* SegmentedControllTVCell.swift in Sources */,
				8B78C8A82A1CEBF600B6C977 /* CollectionCellConfigurator.swift in Sources */,
				8BEE19282A1CC4570006EEA0 /* UITableView+Extensions.swift in Sources */,
				8B78C8AC2A1CED4A00B6C977 /* AuthRegTableViewManager.swift in Sources */,
				8BF087C22A1A6F0E000F7846 /* ConsultationsRequest.swift in Sources */,
				8B78C8DE2A1D606100B6C977 /* Validator.swift in Sources */,
				8B78C9B92A23167700B6C977 /* OCButton.swift in Sources */,
				8BEE19102A1CAB280006EEA0 /* StartModel.swift in Sources */,
				8BF087B92A1A6C6B000F7846 /* AuthenticationUserResponse.swift in Sources */,
				8B78C93D2A1F67E100B6C977 /* ChatBotViewController.swift in Sources */,
				8B78C9312A1F4EB200B6C977 /* MainHeaderView.swift in Sources */,
				8BF0877D2A1A3E42000F7846 /* AppDelegate.swift in Sources */,
				8B78C9642A20CEF100B6C977 /* ConsultationModel.swift in Sources */,
				8B78C99E2A20DDAD00B6C977 /* DropDownControl.swift in Sources */,
				8BF0877F2A1A3E42000F7846 /* SceneDelegate.swift in Sources */,
				8B78C9AA2A2234BF00B6C977 /* CalendarDateCollectionViewCell.swift in Sources */,
				8B78C8CC2A1D235200B6C977 /* LogoTVCell.swift in Sources */,
				8B78C9C32A23216100B6C977 /* ConsultationHeaderView.swift in Sources */,
				8B78C8D22A1D32BD00B6C977 /* PassRulesTVCell.swift in Sources */,
				8BF087CA2A1A71A5000F7846 /* CancelSlotBookingByAdminRequest.swift in Sources */,
				8B78C8AA2A1CEC4000B6C977 /* TableCellConfigurator.swift in Sources */,
				8B78C9612A20CEF100B6C977 /* ConsultationPresenter.swift in Sources */,
				8B78C9E02A23543000B6C977 /* ConsultationTopic.swift in Sources */,
				8B78C9282A1F489C00B6C977 /* MainViewController.swift in Sources */,
				8B78C9272A1F489C00B6C977 /* MainPresenter.swift in Sources */,
				8B78C9A82A2234BF00B6C977 /* CalendarPickerFooterView.swift in Sources */,
				8BEE191D2A1CAF230006EEA0 /* UILabel+Extensions.swift in Sources */,
				8B78C9DB2A2352B600B6C977 /* Department.swift in Sources */,
				8BF087B72A1A6AE6000F7846 /* RegisterUserRequest.swift in Sources */,
				8B78C8BB2A1D06FB00B6C977 /* ForgotPasswordTVCell.swift in Sources */,
				8BEE190E2A1CAB280006EEA0 /* StartViewController.swift in Sources */,
				8B78C8BF2A1D0C1500B6C977 /* SocialsTVCell.swift in Sources */,
				8B78C9B22A22353200B6C977 /* Day.swift in Sources */,
				8B78C8B42A1CFBE900B6C977 /* OCTextField.swift in Sources */,
				8BF087C82A1A7142000F7846 /* BookSlotRequest.swift in Sources */,
				8B78C8B02A1CEE6000B6C977 /* AuthRegViewModel.swift in Sources */,
				8B78C9D02A2348CF00B6C977 /* UserDefaultsService.swift in Sources */,
				8BF087CC2A1A71CC000F7846 /* CancelSlotBookingByUserRequest.swift in Sources */,
				8B78C8D52A1D348400B6C977 /* CheckBoxTVCell.swift in Sources */,
				8B78C8ED2A1E2C5100B6C977 /* TabBarModel.swift in Sources */,
				8B78C94E2A1F6AE200B6C977 /* LeftMessageCell.swift in Sources */,
				8BEE19182A1CAC820006EEA0 /* LogoView.swift in Sources */,
				8B78C9532A1F7C8E00B6C977 /* UIViewController+Extension.swift in Sources */,
				8B78C8D72A1D445C00B6C977 /* UITextField+Extension.swift in Sources */,
				8B78C93F2A1F67E100B6C977 /* ChatBotModel.swift in Sources */,
				8B78C8952A1CE1C800B6C977 /* AuthRegAssembly.swift in Sources */,
				8B78C8EC2A1E2C5100B6C977 /* TabBarAssembly.swift in Sources */,
				8BF087AC2A1A692B000F7846 /* NetworkEnums.swift in Sources */,
				8B78C9BD2A23186F00B6C977 /* TimeCell.swift in Sources */,
				8B78C9512A1F6AE200B6C977 /* MessageBubbleCell.swift in Sources */,
				8B78C9A12A20FB0B00B6C977 /* DropDownTVCell.swift in Sources */,
				8B78C9D82A234FAC00B6C977 /* ConsultationService.swift in Sources */,
				8B78C8932A1CE1C800B6C977 /* AuthRegPresenter.swift in Sources */,
				8B78C93E2A1F67E100B6C977 /* ChatBotAssembly.swift in Sources */,
				8B78C9CC2A2346CD00B6C977 /* UIViewController+Extensions.swift in Sources */,
				8BF087CE2A1A7202000F7846 /* SlotsRequest.swift in Sources */,
				8B78C9292A1F489C00B6C977 /* MainAssembly.swift in Sources */,
				8B78C8DA2A1D4AFB00B6C977 /* UITapGestureRecognizer+Extensions.swift in Sources */,
			);
			runOnlyForDeploymentPostprocessing = 0;
		};
/* End PBXSourcesBuildPhase section */

/* Begin PBXTargetDependency section */
		8BEE19032A1CA9AC0006EEA0 /* PBXTargetDependency */ = {
			isa = PBXTargetDependency;
			productRef = 8BEE19022A1CA9AC0006EEA0 /* RswiftGenerateInternalResources */;
		};
/* End PBXTargetDependency section */

/* Begin PBXVariantGroup section */
		8BF087872A1A3E43000F7846 /* LaunchScreen.storyboard */ = {
			isa = PBXVariantGroup;
			children = (
				8BF087882A1A3E43000F7846 /* Base */,
			);
			name = LaunchScreen.storyboard;
			sourceTree = "<group>";
		};
/* End PBXVariantGroup section */

/* Begin XCBuildConfiguration section */
		8BF0878B2A1A3E43000F7846 /* Debug */ = {
			isa = XCBuildConfiguration;
			buildSettings = {
				ALWAYS_SEARCH_USER_PATHS = NO;
				CLANG_ANALYZER_NONNULL = YES;
				CLANG_ANALYZER_NUMBER_OBJECT_CONVERSION = YES_AGGRESSIVE;
				CLANG_CXX_LANGUAGE_STANDARD = "gnu++20";
				CLANG_ENABLE_MODULES = YES;
				CLANG_ENABLE_OBJC_ARC = YES;
				CLANG_ENABLE_OBJC_WEAK = YES;
				CLANG_WARN_BLOCK_CAPTURE_AUTORELEASING = YES;
				CLANG_WARN_BOOL_CONVERSION = YES;
				CLANG_WARN_COMMA = YES;
				CLANG_WARN_CONSTANT_CONVERSION = YES;
				CLANG_WARN_DEPRECATED_OBJC_IMPLEMENTATIONS = YES;
				CLANG_WARN_DIRECT_OBJC_ISA_USAGE = YES_ERROR;
				CLANG_WARN_DOCUMENTATION_COMMENTS = YES;
				CLANG_WARN_EMPTY_BODY = YES;
				CLANG_WARN_ENUM_CONVERSION = YES;
				CLANG_WARN_INFINITE_RECURSION = YES;
				CLANG_WARN_INT_CONVERSION = YES;
				CLANG_WARN_NON_LITERAL_NULL_CONVERSION = YES;
				CLANG_WARN_OBJC_IMPLICIT_RETAIN_SELF = YES;
				CLANG_WARN_OBJC_LITERAL_CONVERSION = YES;
				CLANG_WARN_OBJC_ROOT_CLASS = YES_ERROR;
				CLANG_WARN_QUOTED_INCLUDE_IN_FRAMEWORK_HEADER = YES;
				CLANG_WARN_RANGE_LOOP_ANALYSIS = YES;
				CLANG_WARN_STRICT_PROTOTYPES = YES;
				CLANG_WARN_SUSPICIOUS_MOVE = YES;
				CLANG_WARN_UNGUARDED_AVAILABILITY = YES_AGGRESSIVE;
				CLANG_WARN_UNREACHABLE_CODE = YES;
				CLANG_WARN__DUPLICATE_METHOD_MATCH = YES;
				COPY_PHASE_STRIP = NO;
				DEBUG_INFORMATION_FORMAT = dwarf;
				ENABLE_STRICT_OBJC_MSGSEND = YES;
				ENABLE_TESTABILITY = YES;
				GCC_C_LANGUAGE_STANDARD = gnu11;
				GCC_DYNAMIC_NO_PIC = NO;
				GCC_NO_COMMON_BLOCKS = YES;
				GCC_OPTIMIZATION_LEVEL = 0;
				GCC_PREPROCESSOR_DEFINITIONS = (
					"DEBUG=1",
					"$(inherited)",
				);
				GCC_WARN_64_TO_32_BIT_CONVERSION = YES;
				GCC_WARN_ABOUT_RETURN_TYPE = YES_ERROR;
				GCC_WARN_UNDECLARED_SELECTOR = YES;
				GCC_WARN_UNINITIALIZED_AUTOS = YES_AGGRESSIVE;
				GCC_WARN_UNUSED_FUNCTION = YES;
				GCC_WARN_UNUSED_VARIABLE = YES;
				IPHONEOS_DEPLOYMENT_TARGET = 16.2;
				MTL_ENABLE_DEBUG_INFO = INCLUDE_SOURCE;
				MTL_FAST_MATH = YES;
				ONLY_ACTIVE_ARCH = YES;
				SDKROOT = iphoneos;
				SWIFT_ACTIVE_COMPILATION_CONDITIONS = DEBUG;
				SWIFT_OPTIMIZATION_LEVEL = "-Onone";
			};
			name = Debug;
		};
		8BF0878C2A1A3E43000F7846 /* Release */ = {
			isa = XCBuildConfiguration;
			buildSettings = {
				ALWAYS_SEARCH_USER_PATHS = NO;
				CLANG_ANALYZER_NONNULL = YES;
				CLANG_ANALYZER_NUMBER_OBJECT_CONVERSION = YES_AGGRESSIVE;
				CLANG_CXX_LANGUAGE_STANDARD = "gnu++20";
				CLANG_ENABLE_MODULES = YES;
				CLANG_ENABLE_OBJC_ARC = YES;
				CLANG_ENABLE_OBJC_WEAK = YES;
				CLANG_WARN_BLOCK_CAPTURE_AUTORELEASING = YES;
				CLANG_WARN_BOOL_CONVERSION = YES;
				CLANG_WARN_COMMA = YES;
				CLANG_WARN_CONSTANT_CONVERSION = YES;
				CLANG_WARN_DEPRECATED_OBJC_IMPLEMENTATIONS = YES;
				CLANG_WARN_DIRECT_OBJC_ISA_USAGE = YES_ERROR;
				CLANG_WARN_DOCUMENTATION_COMMENTS = YES;
				CLANG_WARN_EMPTY_BODY = YES;
				CLANG_WARN_ENUM_CONVERSION = YES;
				CLANG_WARN_INFINITE_RECURSION = YES;
				CLANG_WARN_INT_CONVERSION = YES;
				CLANG_WARN_NON_LITERAL_NULL_CONVERSION = YES;
				CLANG_WARN_OBJC_IMPLICIT_RETAIN_SELF = YES;
				CLANG_WARN_OBJC_LITERAL_CONVERSION = YES;
				CLANG_WARN_OBJC_ROOT_CLASS = YES_ERROR;
				CLANG_WARN_QUOTED_INCLUDE_IN_FRAMEWORK_HEADER = YES;
				CLANG_WARN_RANGE_LOOP_ANALYSIS = YES;
				CLANG_WARN_STRICT_PROTOTYPES = YES;
				CLANG_WARN_SUSPICIOUS_MOVE = YES;
				CLANG_WARN_UNGUARDED_AVAILABILITY = YES_AGGRESSIVE;
				CLANG_WARN_UNREACHABLE_CODE = YES;
				CLANG_WARN__DUPLICATE_METHOD_MATCH = YES;
				COPY_PHASE_STRIP = NO;
				DEBUG_INFORMATION_FORMAT = "dwarf-with-dsym";
				ENABLE_NS_ASSERTIONS = NO;
				ENABLE_STRICT_OBJC_MSGSEND = YES;
				GCC_C_LANGUAGE_STANDARD = gnu11;
				GCC_NO_COMMON_BLOCKS = YES;
				GCC_WARN_64_TO_32_BIT_CONVERSION = YES;
				GCC_WARN_ABOUT_RETURN_TYPE = YES_ERROR;
				GCC_WARN_UNDECLARED_SELECTOR = YES;
				GCC_WARN_UNINITIALIZED_AUTOS = YES_AGGRESSIVE;
				GCC_WARN_UNUSED_FUNCTION = YES;
				GCC_WARN_UNUSED_VARIABLE = YES;
				IPHONEOS_DEPLOYMENT_TARGET = 16.2;
				MTL_ENABLE_DEBUG_INFO = NO;
				MTL_FAST_MATH = YES;
				SDKROOT = iphoneos;
				SWIFT_COMPILATION_MODE = wholemodule;
				SWIFT_OPTIMIZATION_LEVEL = "-O";
				VALIDATE_PRODUCT = YES;
			};
			name = Release;
		};
		8BF0878E2A1A3E43000F7846 /* Debug */ = {
			isa = XCBuildConfiguration;
			buildSettings = {
				ASSETCATALOG_COMPILER_APPICON_NAME = AppIcon;
				ASSETCATALOG_COMPILER_GLOBAL_ACCENT_COLOR_NAME = AccentColor;
				CODE_SIGN_STYLE = Automatic;
				CURRENT_PROJECT_VERSION = 1;
				DEVELOPMENT_TEAM = QLAVMC6G2W;
				GENERATE_INFOPLIST_FILE = YES;
				INFOPLIST_FILE = OpenControl/Resources/Info.plist;
				INFOPLIST_KEY_CFBundleDisplayName = "Открытый контроль";
				INFOPLIST_KEY_LSApplicationCategoryType = "public.app-category.business";
				INFOPLIST_KEY_UIApplicationSupportsIndirectInputEvents = YES;
				INFOPLIST_KEY_UILaunchStoryboardName = LaunchScreen;
				INFOPLIST_KEY_UISupportedInterfaceOrientations = UIInterfaceOrientationPortrait;
				IPHONEOS_DEPLOYMENT_TARGET = 13.0;
				LD_RUNPATH_SEARCH_PATHS = (
					"$(inherited)",
					"@executable_path/Frameworks",
				);
				MARKETING_VERSION = 1.0;
				PRODUCT_BUNDLE_IDENTIFIER = ru.hoff.app;
				PRODUCT_NAME = "$(TARGET_NAME)";
				SWIFT_EMIT_LOC_STRINGS = YES;
				SWIFT_VERSION = 5.0;
				TARGETED_DEVICE_FAMILY = 1;
			};
			name = Debug;
		};
		8BF0878F2A1A3E43000F7846 /* Release */ = {
			isa = XCBuildConfiguration;
			buildSettings = {
				ASSETCATALOG_COMPILER_APPICON_NAME = AppIcon;
				ASSETCATALOG_COMPILER_GLOBAL_ACCENT_COLOR_NAME = AccentColor;
				CODE_SIGN_STYLE = Automatic;
				CURRENT_PROJECT_VERSION = 1;
				DEVELOPMENT_TEAM = QLAVMC6G2W;
				GENERATE_INFOPLIST_FILE = YES;
				INFOPLIST_FILE = OpenControl/Resources/Info.plist;
				INFOPLIST_KEY_CFBundleDisplayName = "Открытый контроль";
				INFOPLIST_KEY_LSApplicationCategoryType = "public.app-category.business";
				INFOPLIST_KEY_UIApplicationSupportsIndirectInputEvents = YES;
				INFOPLIST_KEY_UILaunchStoryboardName = LaunchScreen;
				INFOPLIST_KEY_UISupportedInterfaceOrientations = UIInterfaceOrientationPortrait;
				IPHONEOS_DEPLOYMENT_TARGET = 13.0;
				LD_RUNPATH_SEARCH_PATHS = (
					"$(inherited)",
					"@executable_path/Frameworks",
				);
				MARKETING_VERSION = 1.0;
				PRODUCT_BUNDLE_IDENTIFIER = ru.hoff.app;
				PRODUCT_NAME = "$(TARGET_NAME)";
				SWIFT_EMIT_LOC_STRINGS = YES;
				SWIFT_VERSION = 5.0;
				TARGETED_DEVICE_FAMILY = 1;
			};
			name = Release;
		};
/* End XCBuildConfiguration section */

/* Begin XCConfigurationList section */
		8BF087742A1A3E42000F7846 /* Build configuration list for PBXProject "OpenControl" */ = {
			isa = XCConfigurationList;
			buildConfigurations = (
				8BF0878B2A1A3E43000F7846 /* Debug */,
				8BF0878C2A1A3E43000F7846 /* Release */,
			);
			defaultConfigurationIsVisible = 0;
			defaultConfigurationName = Release;
		};
		8BF0878D2A1A3E43000F7846 /* Build configuration list for PBXNativeTarget "OpenControl" */ = {
			isa = XCConfigurationList;
			buildConfigurations = (
				8BF0878E2A1A3E43000F7846 /* Debug */,
				8BF0878F2A1A3E43000F7846 /* Release */,
			);
			defaultConfigurationIsVisible = 0;
			defaultConfigurationName = Release;
		};
/* End XCConfigurationList section */

/* Begin XCRemoteSwiftPackageReference section */
		8B78C8C42A1D1D8700B6C977 /* XCRemoteSwiftPackageReference "IQKeyboardManager" */ = {
			isa = XCRemoteSwiftPackageReference;
			repositoryURL = "https://github.com/hackiftekhar/IQKeyboardManager.git";
			requirement = {
				kind = upToNextMajorVersion;
				minimumVersion = 6.5.0;
			};
		};
		8B78C9B42A230A3300B6C977 /* XCRemoteSwiftPackageReference "FittedSheets" */ = {
			isa = XCRemoteSwiftPackageReference;
			repositoryURL = "https://github.com/gordontucker/FittedSheets";
			requirement = {
				kind = upToNextMajorVersion;
				minimumVersion = 2.0.0;
			};
		};
		8BEE18FF2A1CA99A0006EEA0 /* XCRemoteSwiftPackageReference "R.swift" */ = {
			isa = XCRemoteSwiftPackageReference;
			repositoryURL = "https://github.com/mac-cain13/R.swift.git";
			requirement = {
				kind = upToNextMajorVersion;
				minimumVersion = 7.0.0;
			};
		};
		8BEE19052A1CAA340006EEA0 /* XCRemoteSwiftPackageReference "SnapKit" */ = {
			isa = XCRemoteSwiftPackageReference;
			repositoryURL = "https://github.com/SnapKit/SnapKit.git";
			requirement = {
				kind = upToNextMajorVersion;
				minimumVersion = 5.0.0;
			};
		};
/* End XCRemoteSwiftPackageReference section */

/* Begin XCSwiftPackageProductDependency section */
		8B78C8C52A1D1D8700B6C977 /* IQKeyboardManagerSwift */ = {
			isa = XCSwiftPackageProductDependency;
			package = 8B78C8C42A1D1D8700B6C977 /* XCRemoteSwiftPackageReference "IQKeyboardManager" */;
			productName = IQKeyboardManagerSwift;
		};
		8B78C9B52A230A3300B6C977 /* FittedSheets */ = {
			isa = XCSwiftPackageProductDependency;
			package = 8B78C9B42A230A3300B6C977 /* XCRemoteSwiftPackageReference "FittedSheets" */;
			productName = FittedSheets;
		};
		8BEE19002A1CA99A0006EEA0 /* RswiftLibrary */ = {
			isa = XCSwiftPackageProductDependency;
			package = 8BEE18FF2A1CA99A0006EEA0 /* XCRemoteSwiftPackageReference "R.swift" */;
			productName = RswiftLibrary;
		};
		8BEE19022A1CA9AC0006EEA0 /* RswiftGenerateInternalResources */ = {
			isa = XCSwiftPackageProductDependency;
			productName = "plugin:RswiftGenerateInternalResources";
		};
		8BEE19062A1CAA340006EEA0 /* SnapKit */ = {
			isa = XCSwiftPackageProductDependency;
			package = 8BEE19052A1CAA340006EEA0 /* XCRemoteSwiftPackageReference "SnapKit" */;
			productName = SnapKit;
		};
/* End XCSwiftPackageProductDependency section */
	};
	rootObject = 8BF087712A1A3E42000F7846 /* Project object */;
}
